# THIS IS AN AUTOGENERATED FILE. DO NOT EDIT THIS FILE DIRECTLY.
# yarn lockfile v1


"@esbuild/aix-ppc64@0.24.0":
  version "0.24.0"
  resolved "https://registry.yarnpkg.com/@esbuild/aix-ppc64/-/aix-ppc64-0.24.0.tgz#b57697945b50e99007b4c2521507dc613d4a648c"
  integrity sha512-WtKdFM7ls47zkKHFVzMz8opM7LkcsIp9amDUBIAWirg70RM71WRSjdILPsY5Uv1D42ZpUfaPILDlfactHgsRkw==

"@esbuild/android-arm64@0.24.0":
  version "0.24.0"
  resolved "https://registry.yarnpkg.com/@esbuild/android-arm64/-/android-arm64-0.24.0.tgz#1add7e0af67acefd556e407f8497e81fddad79c0"
  integrity sha512-Vsm497xFM7tTIPYK9bNTYJyF/lsP590Qc1WxJdlB6ljCbdZKU9SY8i7+Iin4kyhV/KV5J2rOKsBQbB77Ab7L/w==

"@esbuild/android-arm@0.24.0":
  version "0.24.0"
  resolved "https://registry.yarnpkg.com/@esbuild/android-arm/-/android-arm-0.24.0.tgz#ab7263045fa8e090833a8e3c393b60d59a789810"
  integrity sha512-arAtTPo76fJ/ICkXWetLCc9EwEHKaeya4vMrReVlEIUCAUncH7M4bhMQ+M9Vf+FFOZJdTNMXNBrWwW+OXWpSew==

"@esbuild/android-x64@0.24.0":
  version "0.24.0"
  resolved "https://registry.yarnpkg.com/@esbuild/android-x64/-/android-x64-0.24.0.tgz#e8f8b196cfdfdd5aeaebbdb0110983460440e705"
  integrity sha512-t8GrvnFkiIY7pa7mMgJd7p8p8qqYIz1NYiAoKc75Zyv73L3DZW++oYMSHPRarcotTKuSs6m3hTOa5CKHaS02TQ==

"@esbuild/darwin-arm64@0.24.0":
  version "0.24.0"
  resolved "https://registry.yarnpkg.com/@esbuild/darwin-arm64/-/darwin-arm64-0.24.0.tgz#2d0d9414f2acbffd2d86e98253914fca603a53dd"
  integrity sha512-CKyDpRbK1hXwv79soeTJNHb5EiG6ct3efd/FTPdzOWdbZZfGhpbcqIpiD0+vwmpu0wTIL97ZRPZu8vUt46nBSw==

"@esbuild/darwin-x64@0.24.0":
  version "0.24.0"
  resolved "https://registry.yarnpkg.com/@esbuild/darwin-x64/-/darwin-x64-0.24.0.tgz#33087aab31a1eb64c89daf3d2cf8ce1775656107"
  integrity sha512-rgtz6flkVkh58od4PwTRqxbKH9cOjaXCMZgWD905JOzjFKW+7EiUObfd/Kav+A6Gyud6WZk9w+xu6QLytdi2OA==

"@esbuild/freebsd-arm64@0.24.0":
  version "0.24.0"
  resolved "https://registry.yarnpkg.com/@esbuild/freebsd-arm64/-/freebsd-arm64-0.24.0.tgz#bb76e5ea9e97fa3c753472f19421075d3a33e8a7"
  integrity sha512-6Mtdq5nHggwfDNLAHkPlyLBpE5L6hwsuXZX8XNmHno9JuL2+bg2BX5tRkwjyfn6sKbxZTq68suOjgWqCicvPXA==

"@esbuild/freebsd-x64@0.24.0":
  version "0.24.0"
  resolved "https://registry.yarnpkg.com/@esbuild/freebsd-x64/-/freebsd-x64-0.24.0.tgz#e0e2ce9249fdf6ee29e5dc3d420c7007fa579b93"
  integrity sha512-D3H+xh3/zphoX8ck4S2RxKR6gHlHDXXzOf6f/9dbFt/NRBDIE33+cVa49Kil4WUjxMGW0ZIYBYtaGCa2+OsQwQ==

"@esbuild/linux-arm64@0.24.0":
  version "0.24.0"
  resolved "https://registry.yarnpkg.com/@esbuild/linux-arm64/-/linux-arm64-0.24.0.tgz#d1b2aa58085f73ecf45533c07c82d81235388e75"
  integrity sha512-TDijPXTOeE3eaMkRYpcy3LarIg13dS9wWHRdwYRnzlwlA370rNdZqbcp0WTyyV/k2zSxfko52+C7jU5F9Tfj1g==

"@esbuild/linux-arm@0.24.0":
  version "0.24.0"
  resolved "https://registry.yarnpkg.com/@esbuild/linux-arm/-/linux-arm-0.24.0.tgz#8e4915df8ea3e12b690a057e77a47b1d5935ef6d"
  integrity sha512-gJKIi2IjRo5G6Glxb8d3DzYXlxdEj2NlkixPsqePSZMhLudqPhtZ4BUrpIuTjJYXxvF9njql+vRjB2oaC9XpBw==

"@esbuild/linux-ia32@0.24.0":
  version "0.24.0"
  resolved "https://registry.yarnpkg.com/@esbuild/linux-ia32/-/linux-ia32-0.24.0.tgz#8200b1110666c39ab316572324b7af63d82013fb"
  integrity sha512-K40ip1LAcA0byL05TbCQ4yJ4swvnbzHscRmUilrmP9Am7//0UjPreh4lpYzvThT2Quw66MhjG//20mrufm40mA==

"@esbuild/linux-loong64@0.24.0":
  version "0.24.0"
  resolved "https://registry.yarnpkg.com/@esbuild/linux-loong64/-/linux-loong64-0.24.0.tgz#6ff0c99cf647504df321d0640f0d32e557da745c"
  integrity sha512-0mswrYP/9ai+CU0BzBfPMZ8RVm3RGAN/lmOMgW4aFUSOQBjA31UP8Mr6DDhWSuMwj7jaWOT0p0WoZ6jeHhrD7g==

"@esbuild/linux-mips64el@0.24.0":
  version "0.24.0"
  resolved "https://registry.yarnpkg.com/@esbuild/linux-mips64el/-/linux-mips64el-0.24.0.tgz#3f720ccd4d59bfeb4c2ce276a46b77ad380fa1f3"
  integrity sha512-hIKvXm0/3w/5+RDtCJeXqMZGkI2s4oMUGj3/jM0QzhgIASWrGO5/RlzAzm5nNh/awHE0A19h/CvHQe6FaBNrRA==

"@esbuild/linux-ppc64@0.24.0":
  version "0.24.0"
  resolved "https://registry.yarnpkg.com/@esbuild/linux-ppc64/-/linux-ppc64-0.24.0.tgz#9d6b188b15c25afd2e213474bf5f31e42e3aa09e"
  integrity sha512-HcZh5BNq0aC52UoocJxaKORfFODWXZxtBaaZNuN3PUX3MoDsChsZqopzi5UupRhPHSEHotoiptqikjN/B77mYQ==

"@esbuild/linux-riscv64@0.24.0":
  version "0.24.0"
  resolved "https://registry.yarnpkg.com/@esbuild/linux-riscv64/-/linux-riscv64-0.24.0.tgz#f989fdc9752dfda286c9cd87c46248e4dfecbc25"
  integrity sha512-bEh7dMn/h3QxeR2KTy1DUszQjUrIHPZKyO6aN1X4BCnhfYhuQqedHaa5MxSQA/06j3GpiIlFGSsy1c7Gf9padw==

"@esbuild/linux-s390x@0.24.0":
  version "0.24.0"
  resolved "https://registry.yarnpkg.com/@esbuild/linux-s390x/-/linux-s390x-0.24.0.tgz#29ebf87e4132ea659c1489fce63cd8509d1c7319"
  integrity sha512-ZcQ6+qRkw1UcZGPyrCiHHkmBaj9SiCD8Oqd556HldP+QlpUIe2Wgn3ehQGVoPOvZvtHm8HPx+bH20c9pvbkX3g==

"@esbuild/linux-x64@0.24.0":
  version "0.24.0"
  resolved "https://registry.yarnpkg.com/@esbuild/linux-x64/-/linux-x64-0.24.0.tgz#4af48c5c0479569b1f359ffbce22d15f261c0cef"
  integrity sha512-vbutsFqQ+foy3wSSbmjBXXIJ6PL3scghJoM8zCL142cGaZKAdCZHyf+Bpu/MmX9zT9Q0zFBVKb36Ma5Fzfa8xA==

"@esbuild/netbsd-x64@0.24.0":
  version "0.24.0"
  resolved "https://registry.yarnpkg.com/@esbuild/netbsd-x64/-/netbsd-x64-0.24.0.tgz#1ae73d23cc044a0ebd4f198334416fb26c31366c"
  integrity sha512-hjQ0R/ulkO8fCYFsG0FZoH+pWgTTDreqpqY7UnQntnaKv95uP5iW3+dChxnx7C3trQQU40S+OgWhUVwCjVFLvg==

"@esbuild/openbsd-arm64@0.24.0":
  version "0.24.0"
  resolved "https://registry.yarnpkg.com/@esbuild/openbsd-arm64/-/openbsd-arm64-0.24.0.tgz#5d904a4f5158c89859fd902c427f96d6a9e632e2"
  integrity sha512-MD9uzzkPQbYehwcN583yx3Tu5M8EIoTD+tUgKF982WYL9Pf5rKy9ltgD0eUgs8pvKnmizxjXZyLt0z6DC3rRXg==

"@esbuild/openbsd-x64@0.24.0":
  version "0.24.0"
  resolved "https://registry.yarnpkg.com/@esbuild/openbsd-x64/-/openbsd-x64-0.24.0.tgz#4c8aa88c49187c601bae2971e71c6dc5e0ad1cdf"
  integrity sha512-4ir0aY1NGUhIC1hdoCzr1+5b43mw99uNwVzhIq1OY3QcEwPDO3B7WNXBzaKY5Nsf1+N11i1eOfFcq+D/gOS15Q==

"@esbuild/sunos-x64@0.24.0":
  version "0.24.0"
  resolved "https://registry.yarnpkg.com/@esbuild/sunos-x64/-/sunos-x64-0.24.0.tgz#8ddc35a0ea38575fa44eda30a5ee01ae2fa54dd4"
  integrity sha512-jVzdzsbM5xrotH+W5f1s+JtUy1UWgjU0Cf4wMvffTB8m6wP5/kx0KiaLHlbJO+dMgtxKV8RQ/JvtlFcdZ1zCPA==

"@esbuild/win32-arm64@0.24.0":
  version "0.24.0"
  resolved "https://registry.yarnpkg.com/@esbuild/win32-arm64/-/win32-arm64-0.24.0.tgz#6e79c8543f282c4539db684a207ae0e174a9007b"
  integrity sha512-iKc8GAslzRpBytO2/aN3d2yb2z8XTVfNV0PjGlCxKo5SgWmNXx82I/Q3aG1tFfS+A2igVCY97TJ8tnYwpUWLCA==

"@esbuild/win32-ia32@0.24.0":
  version "0.24.0"
  resolved "https://registry.yarnpkg.com/@esbuild/win32-ia32/-/win32-ia32-0.24.0.tgz#057af345da256b7192d18b676a02e95d0fa39103"
  integrity sha512-vQW36KZolfIudCcTnaTpmLQ24Ha1RjygBo39/aLkM2kmjkWmZGEJ5Gn9l5/7tzXA42QGIoWbICfg6KLLkIw6yw==

"@esbuild/win32-x64@0.24.0":
  version "0.24.0"
  resolved "https://registry.yarnpkg.com/@esbuild/win32-x64/-/win32-x64-0.24.0.tgz#168ab1c7e1c318b922637fad8f339d48b01e1244"
  integrity sha512-7IAFPrjSQIJrGsK6flwg7NFmwBoSTyF3rl7If0hNUFQU4ilTsEPL6GuMuU9BfIWVVGuRnuIidkSMC+c0Otu8IA==

"@remirror/core-constants@3.0.0":
  version "3.0.0"
  resolved "https://registry.yarnpkg.com/@remirror/core-constants/-/core-constants-3.0.0.tgz#96fdb89d25c62e7b6a5d08caf0ce5114370e3b8f"
  integrity sha512-42aWfPrimMfDKDi4YegyS7x+/0tlzaqwPQCULLanv3DMIlu96KTJR0fM5isWX2UViOqlGnX6YFgqWepcX+XMNg==

"@tiptap/core@^2.10.3":
  version "2.10.3"
  resolved "https://registry.yarnpkg.com/@tiptap/core/-/core-2.10.3.tgz#7744abd4a954f35265af351f1be9b545e819c66d"
  integrity sha512-wAG/0/UsLeZLmshWb6rtWNXKJftcmnned91/HLccHVQAuQZ1UWH+wXeQKu/mtodxEO7JcU2mVPR9mLGQkK0McQ==

"@tiptap/extension-blockquote@^2.10.3":
  version "2.10.3"
  resolved "https://registry.yarnpkg.com/@tiptap/extension-blockquote/-/extension-blockquote-2.10.3.tgz#ee29925930ac9a5b129d3ad262bb45afcc23b318"
  integrity sha512-u9Mq4r8KzoeGVT8ms6FQDIMN95dTh3TYcT7fZpwcVM96mIl2Oyt+Bk66mL8z4zuFptfRI57Cu9QdnHEeILd//w==

"@tiptap/extension-bold@^2.10.3":
  version "2.10.3"
  resolved "https://registry.yarnpkg.com/@tiptap/extension-bold/-/extension-bold-2.10.3.tgz#6ffdeed5d1b2c7bd2a248b327083f3db89c02f87"
  integrity sha512-xnF1tS2BsORenr11qyybW120gHaeHKiKq+ZOP14cGA0MsriKvWDnaCSocXP/xMEYHy7+2uUhJ0MsKkHVj4bPzQ==

"@tiptap/extension-bullet-list@^2.10.3":
  version "2.10.3"
  resolved "https://registry.yarnpkg.com/@tiptap/extension-bullet-list/-/extension-bullet-list-2.10.3.tgz#0a17343aaf64679327de87785918bcdb04744edf"
  integrity sha512-PTkwJOVlHi4RR4Wrs044tKMceweXwNmWA6EoQ93hPUVtQcwQL990Es5Izp+i88twTPLuGD9dH+o9QDyH9SkWdA==

"@tiptap/extension-code-block@^2.10.3":
  version "2.10.3"
  resolved "https://registry.yarnpkg.com/@tiptap/extension-code-block/-/extension-code-block-2.10.3.tgz#5ff1b1e563c4eda44677df444c523de1e5258fa4"
  integrity sha512-yiDVNg22fYkzsFk5kBlDSHcjwVJgajvO/M5fDXA+Hfxwo2oNcG6aJyyHXFe+UaXTVjdkPej0J6kcMKrTMCiFug==

"@tiptap/extension-code@^2.10.3":
  version "2.10.3"
  resolved "https://registry.yarnpkg.com/@tiptap/extension-code/-/extension-code-2.10.3.tgz#b9fb04be2d51760f011ec7a060d4e2e3eefe392c"
  integrity sha512-JyLbfyY3cPctq9sVdpcRWTcoUOoq3/MnGE1eP6eBNyMTHyBPcM9TPhOkgj+xkD1zW/884jfelB+wa70RT/AMxQ==

"@tiptap/extension-document@^2.10.3":
  version "2.10.3"
  resolved "https://registry.yarnpkg.com/@tiptap/extension-document/-/extension-document-2.10.3.tgz#2ba039932af67c85475870697495b099d9983a1d"
  integrity sha512-6i8+xbS2zB6t8iFzli1O/QB01MmwyI5Hqiiv4m5lOxqavmJwLss2sRhoMC2hB3CyFg5UmeODy/f/RnI6q5Vixg==

"@tiptap/extension-dropcursor@^2.10.3":
  version "2.10.3"
  resolved "https://registry.yarnpkg.com/@tiptap/extension-dropcursor/-/extension-dropcursor-2.10.3.tgz#c5484e16df98f3c43c9f585c5686b38808c4615b"
  integrity sha512-wzWf82ixWzZQr0hxcf/A0ul8NNxgy1N63O+c56st6OomoLuKUJWOXF+cs9O7V+/5rZKWdbdYYoRB5QLvnDBAlQ==

"@tiptap/extension-gapcursor@^2.10.3":
  version "2.10.3"
  resolved "https://registry.yarnpkg.com/@tiptap/extension-gapcursor/-/extension-gapcursor-2.10.3.tgz#6a68027d41fb77707104551b2886146253a9461b"
  integrity sha512-FskZi2DqDSTH1WkgLF2OLy0xU7qj3AgHsKhVsryeAtld4jAK5EsonneWgaipbz0e/MxuIvc1oyacfZKABpLaNg==

"@tiptap/extension-hard-break@^2.10.3":
  version "2.10.3"
  resolved "https://registry.yarnpkg.com/@tiptap/extension-hard-break/-/extension-hard-break-2.10.3.tgz#1fd1ea91e57c018747e54516eaca963e578af6a4"
  integrity sha512-2rFlimUKAgKDwT6nqAMtPBjkrknQY8S7oBNyIcDOUGyFkvbDUl3Jd0PiC929S5F3XStJRppnMqhpNDAlWmvBLA==

"@tiptap/extension-heading@^2.10.3":
  version "2.10.3"
  resolved "https://registry.yarnpkg.com/@tiptap/extension-heading/-/extension-heading-2.10.3.tgz#bf8efb3a580c75b86dce505a63f1ca7450a9aaea"
  integrity sha512-AlxXXPCWIvw8hQUDFRskasj32iMNB8Sb19VgyFWqwvntGs2/UffNu8VdsVqxD2HpZ0g5rLYCYtSW4wigs9R3og==

"@tiptap/extension-history@^2.10.3":
  version "2.10.3"
  resolved "https://registry.yarnpkg.com/@tiptap/extension-history/-/extension-history-2.10.3.tgz#86ddbdaaa1573d4461c3a925185c4ebd9aec8079"
  integrity sha512-HaSiMdx9Im9Pb9qGlVud7W8bweRDRMez33Uzs5a2x0n1RWkelfH7TwYs41Y3wus8Ujs7kw6qh7jyhvPpQBKaSA==

"@tiptap/extension-horizontal-rule@^2.10.3":
  version "2.10.3"
  resolved "https://registry.yarnpkg.com/@tiptap/extension-horizontal-rule/-/extension-horizontal-rule-2.10.3.tgz#b2b6e47896ad12ef6747816bc11b388a53480614"
  integrity sha512-1a2IWhD00tgUNg/91RLnBvfENL7DLCui5L245+smcaLu+OXOOEpoBHawx59/M4hEpsjqvRRM79TzO9YXfopsPw==

"@tiptap/extension-italic@^2.10.3":
  version "2.10.3"
  resolved "https://registry.yarnpkg.com/@tiptap/extension-italic/-/extension-italic-2.10.3.tgz#0efb940c572e47bd03e7e50a7ce745b60040771d"
  integrity sha512-wAiO6ZxoHx2H90phnKttLWGPjPZXrfKxhOCsqYrK8BpRByhr48godOFRuGwYnKaiwoVjpxc63t+kDJDWvqmgMw==

"@tiptap/extension-link@^2.10.3":
  version "2.10.3"
  resolved "https://registry.yarnpkg.com/@tiptap/extension-link/-/extension-link-2.10.3.tgz#ddf8c99cc2ce664c3b53d11184cbbde70120ee78"
  integrity sha512-8esKlkZBzEiNcpt7I8Cd6l1mWmCc/66pPbUq9LfnIniDXE3U+ahBf4m3TJltYFBGbiiTR/xqMtJyVHOpuLDtAw==
  dependencies:
    linkifyjs "^4.1.0"

"@tiptap/extension-list-item@^2.10.3":
  version "2.10.3"
  resolved "https://registry.yarnpkg.com/@tiptap/extension-list-item/-/extension-list-item-2.10.3.tgz#a35c10a579acff63bb46a2fa9491b5f4edf00188"
  integrity sha512-9sok81gvZfSta2K1Dwrq5/HSz1jk4zHBpFqCx0oydzodGslx6X1bNxdca+eXJpXZmQIWALK7zEr4X8kg3WZsgw==

"@tiptap/extension-ordered-list@^2.10.3":
  version "2.10.3"
  resolved "https://registry.yarnpkg.com/@tiptap/extension-ordered-list/-/extension-ordered-list-2.10.3.tgz#5ee0feb2f06a59c50e413160840f244215cc4026"
  integrity sha512-/SFuEDnbJxy3jvi72LeyiPHWkV+uFc0LUHTUHSh20vwyy+tLrzncJfXohGbTIv5YxYhzExQYZDRD4VbSghKdlw==

"@tiptap/extension-paragraph@^2.10.3":
  version "2.10.3"
  resolved "https://registry.yarnpkg.com/@tiptap/extension-paragraph/-/extension-paragraph-2.10.3.tgz#128c8fcd46d2e854d214c7f566e6212f2ebff6f1"
  integrity sha512-sNkTX/iN+YoleDiTJsrWSBw9D7c4vsYwnW5y/G5ydfuJMIRQMF78pWSIWZFDRNOMkgK5UHkhu9anrbCFYgBfaA==

"@tiptap/extension-strike@^2.10.3":
  version "2.10.3"
  resolved "https://registry.yarnpkg.com/@tiptap/extension-strike/-/extension-strike-2.10.3.tgz#99e39c8156cad7a9dc88504ac43aa839c54ef7af"
  integrity sha512-jYoPy6F6njYp3txF3u23bgdRy/S5ATcWDO9LPZLHSeikwQfJ47nqb+EUNo5M8jIOgFBTn4MEbhuZ6OGyhnxopA==

"@tiptap/extension-subscript@^2.10.3":
  version "2.10.3"
  resolved "https://registry.yarnpkg.com/@tiptap/extension-subscript/-/extension-subscript-2.10.3.tgz#3d74cdbcd1dcd661791708559e88c7313202b577"
  integrity sha512-GkOwXIruM7QksmlfqLTKTC6JBpWSBDN2eeoPwggxXuqetqYs4sIx1ul3LEGDQy0vglcFKGkbbO2IiHCO/0fSWA==

"@tiptap/extension-superscript@^2.10.3":
  version "2.10.3"
  resolved "https://registry.yarnpkg.com/@tiptap/extension-superscript/-/extension-superscript-2.10.3.tgz#2b4f186ddb179bcdf2af68d4aebc5e1f3220de2b"
  integrity sha512-4bXDPyT10ByVCLXFR8A70TcpFJ0H3PicRsxKJcQ+KZIauNUo5BBUpkF2cK+IOUp4UZ1W5ZBeuMQG5HWMuV9T1A==

"@tiptap/extension-table-cell@^2.10.3":
  version "2.10.3"
  resolved "https://registry.yarnpkg.com/@tiptap/extension-table-cell/-/extension-table-cell-2.10.3.tgz#3d090c7b758428abc484e0c229318bce8bd08b5b"
  integrity sha512-EYzBrnq7KUAcRhshIoTmC4ED8YoF4Ei5m8ZMPOctKX+QMAagKdcrw2UxuOf4tP2xgBYx+qDsKCautepZXQiL2g==

"@tiptap/extension-table-header@^2.10.3":
  version "2.10.3"
  resolved "https://registry.yarnpkg.com/@tiptap/extension-table-header/-/extension-table-header-2.10.3.tgz#76f0f1b3eb1d8c01b0355fa704ad75a74cd2102b"
  integrity sha512-zJqzivz+VITYIFXNH09leBbkwAPuvp504rCAFL2PMa1uaME6+oiiRqZvXQrOiRkjNpOWEXH4dqvVLwkSMZoWaw==

"@tiptap/extension-table-row@^2.10.3":
  version "2.10.3"
  resolved "https://registry.yarnpkg.com/@tiptap/extension-table-row/-/extension-table-row-2.10.3.tgz#66302d52a02b675b7cb674d1a586e3c2c5ff119a"
  integrity sha512-l6P6BAE4SuIFdPmsRd+zGP2Ks9AhLAua7nfDlHFMWDnfOeaJu7g/t4oG++9xTojDcVDHhcIe8TJYUXfhOt2anw==

"@tiptap/extension-table@^2.10.3":
  version "2.10.3"
  resolved "https://registry.yarnpkg.com/@tiptap/extension-table/-/extension-table-2.10.3.tgz#6aaecabd7f2b58baef5082e17f1907cf45998bb7"
  integrity sha512-XAvq0ptpHfuN7lQhTeew4Sqo8aKYHTqroa7cHL8I+gWJqYqKJSTGb4FAqdGIFEzHvnSsMCFbTL//kAHXvTdsHg==

"@tiptap/extension-text-align@^2.10.3":
  version "2.10.3"
  resolved "https://registry.yarnpkg.com/@tiptap/extension-text-align/-/extension-text-align-2.10.3.tgz#f1144210e96219bd0d8c49c78f76c3a3ab543e9b"
  integrity sha512-g75sNl73gtgjP3XIcl06kvv1qw3c0rGEUD848rUU1bvlBpU3IxjkcQLgYvHmv3vpuUp9cKUkA2wa7Sv6R3fjvw==

"@tiptap/extension-text-style@^2.10.3":
  version "2.10.3"
  resolved "https://registry.yarnpkg.com/@tiptap/extension-text-style/-/extension-text-style-2.10.3.tgz#fcc93de8d0479b893c2a000ad7e3dc20b944f3dd"
  integrity sha512-TalYIdlF7vBA4afFhmido7AORdBbu3sV+HCByda0FiNbM6cjng3Nr9oxHOCVJy+ChqrcgF4m54zDfLmamdyu5Q==

"@tiptap/extension-text@^2.10.3":
  version "2.10.3"
  resolved "https://registry.yarnpkg.com/@tiptap/extension-text/-/extension-text-2.10.3.tgz#f985ebd37a2c86d621068927bceca0f05e842865"
  integrity sha512-7p9XiRprsRZm8y9jvF/sS929FCELJ5N9FQnbzikOiyGNUx5mdI+exVZlfvBr9xOD5s7fBLg6jj9Vs0fXPNRkPg==

"@tiptap/extension-underline@^2.10.3":
  version "2.10.3"
  resolved "https://registry.yarnpkg.com/@tiptap/extension-underline/-/extension-underline-2.10.3.tgz#83d392bd4d0b2344c590c19736bb89d208c413df"
  integrity sha512-VeGs0jeNiTnXddHHJEgOc/sKljZiyTEgSSuqMmsBACrr9aGFXbLTgKTvNjkZ9WzSnu7LwgJuBrwEhg8yYixUyQ==

"@tiptap/pm@^2.10.3":
  version "2.10.3"
  resolved "https://registry.yarnpkg.com/@tiptap/pm/-/pm-2.10.3.tgz#c6925bafd23868800bc71e06cdfe12add7bf4943"
  integrity sha512-771p53aU0KFvujvKpngvq2uAxThlEsjYaXcVVmwrhf0vxSSg+psKQEvqvWvHv/3BwkPVCGwmEKNVJZjaXFKu4g==
  dependencies:
    prosemirror-changeset "^2.2.1"
    prosemirror-collab "^1.3.1"
    prosemirror-commands "^1.6.2"
    prosemirror-dropcursor "^1.8.1"
    prosemirror-gapcursor "^1.3.2"
    prosemirror-history "^1.4.1"
    prosemirror-inputrules "^1.4.0"
    prosemirror-keymap "^1.2.2"
    prosemirror-markdown "^1.13.1"
    prosemirror-menu "^1.2.4"
    prosemirror-model "^1.23.0"
    prosemirror-schema-basic "^1.2.3"
    prosemirror-schema-list "^1.4.1"
    prosemirror-state "^1.4.3"
    prosemirror-tables "^1.6.1"
    prosemirror-trailing-node "^3.0.0"
    prosemirror-transform "^1.10.2"
    prosemirror-view "^1.37.0"

"@tiptap/starter-kit@^2.10.3":
  version "2.10.3"
  resolved "https://registry.yarnpkg.com/@tiptap/starter-kit/-/starter-kit-2.10.3.tgz#2b6c3be565219eacd897f1c2d271b516d9ff6f87"
  integrity sha512-oq8xdVIMqohSs91ofHSr7i5dCp2F56Lb9aYIAI25lZmwNwQJL2geGOYjMSfL0IC4cQHPylIuSKYCg7vRFdZmAA==
  dependencies:
    "@tiptap/core" "^2.10.3"
    "@tiptap/extension-blockquote" "^2.10.3"
    "@tiptap/extension-bold" "^2.10.3"
    "@tiptap/extension-bullet-list" "^2.10.3"
    "@tiptap/extension-code" "^2.10.3"
    "@tiptap/extension-code-block" "^2.10.3"
    "@tiptap/extension-document" "^2.10.3"
    "@tiptap/extension-dropcursor" "^2.10.3"
    "@tiptap/extension-gapcursor" "^2.10.3"
    "@tiptap/extension-hard-break" "^2.10.3"
    "@tiptap/extension-heading" "^2.10.3"
    "@tiptap/extension-history" "^2.10.3"
    "@tiptap/extension-horizontal-rule" "^2.10.3"
    "@tiptap/extension-italic" "^2.10.3"
    "@tiptap/extension-list-item" "^2.10.3"
    "@tiptap/extension-ordered-list" "^2.10.3"
    "@tiptap/extension-paragraph" "^2.10.3"
    "@tiptap/extension-strike" "^2.10.3"
    "@tiptap/extension-text" "^2.10.3"
    "@tiptap/extension-text-style" "^2.10.3"
    "@tiptap/pm" "^2.10.3"

"@types/linkify-it@^5":
  version "5.0.0"
  resolved "https://registry.yarnpkg.com/@types/linkify-it/-/linkify-it-5.0.0.tgz#21413001973106cda1c3a9b91eedd4ccd5469d76"
  integrity sha512-sVDA58zAw4eWAffKOaQH5/5j3XeayukzDk+ewSsnv3p4yJEZHCCzMDiZM8e0OUrRvmpGZ85jf4yDHkHsgBNr9Q==

"@types/markdown-it@^14.0.0":
  version "14.1.2"
  resolved "https://registry.yarnpkg.com/@types/markdown-it/-/markdown-it-14.1.2.tgz#57f2532a0800067d9b934f3521429a2e8bfb4c61"
  integrity sha512-promo4eFwuiW+TfGxhi+0x3czqTYJkG8qB17ZUJiVF10Xm7NLVRSLUsfRTU/6h1e24VvRnXCx+hG7li58lkzog==
  dependencies:
    "@types/linkify-it" "^5"
    "@types/mdurl" "^2"

"@types/mdurl@^2":
  version "2.0.0"
  resolved "https://registry.yarnpkg.com/@types/mdurl/-/mdurl-2.0.0.tgz#d43878b5b20222682163ae6f897b20447233bdfd"
  integrity sha512-RGdgjQUZba5p6QEFAVx2OGb8rQDL/cPRG7GiedRzMcJ1tYnUANBncjbSB1NRGwbvjcPeikRABz2nshyPk1bhWg==

argparse@^2.0.1:
  version "2.0.1"
  resolved "https://registry.yarnpkg.com/argparse/-/argparse-2.0.1.tgz#246f50f3ca78a3240f6c997e8a9bd1eac49e4b38"
  integrity sha512-8+9WqebbFzpX9OR+Wa6O29asIogeRMzcGtAINdpMHHyAg10f05aSFVBbcEqGf/PXw1EjAZ+q2/bEBg3DvurK3Q==

autoprefixer@^10.4.20:
  version "10.4.20"
  resolved "https://registry.yarnpkg.com/autoprefixer/-/autoprefixer-10.4.20.tgz#5caec14d43976ef42e32dcb4bd62878e96be5b3b"
  integrity sha512-XY25y5xSv/wEoqzDyXXME4AFfkZI0P23z6Fs3YgymDnKJkCGOnkL0iTxCa85UTqaSgfcqyf3UA6+c7wUvx/16g==
  dependencies:
    browserslist "^4.23.3"
    caniuse-lite "^1.0.30001646"
    fraction.js "^4.3.7"
    normalize-range "^0.1.2"
    picocolors "^1.0.1"
    postcss-value-parser "^4.2.0"

browserslist@^4.23.3:
  version "4.24.2"
  resolved "https://registry.yarnpkg.com/browserslist/-/browserslist-4.24.2.tgz#f5845bc91069dbd55ee89faf9822e1d885d16580"
  integrity sha512-ZIc+Q62revdMcqC6aChtW4jz3My3klmCO1fEmINZY/8J3EpBg5/A/D0AKmBveUh6pgoeycoMkVMko84tuYS+Gg==
  dependencies:
    caniuse-lite "^1.0.30001669"
    electron-to-chromium "^1.5.41"
    node-releases "^2.0.18"
    update-browserslist-db "^1.1.1"

caniuse-lite@^1.0.30001646, caniuse-lite@^1.0.30001669:
  version "1.0.30001686"
  resolved "https://registry.yarnpkg.com/caniuse-lite/-/caniuse-lite-1.0.30001686.tgz#0e04b8d90de8753188e93c9989d56cb19d902670"
  integrity sha512-Y7deg0Aergpa24M3qLC5xjNklnKnhsmSyR/V89dLZ1n0ucJIFNs7PgR2Yfa/Zf6W79SbBicgtGxZr2juHkEUIA==

crelt@^1.0.0:
  version "1.0.6"
  resolved "https://registry.yarnpkg.com/crelt/-/crelt-1.0.6.tgz#7cc898ea74e190fb6ef9dae57f8f81cf7302df72"
  integrity sha512-VQ2MBenTq1fWZUH9DJNGti7kKv6EeAuYr3cLwxUWhIu1baTaXh4Ib5W2CqHVqib4/MqbYGJqiL3Zb8GJZr3l4g==

electron-to-chromium@^1.5.41:
  version "1.5.68"
  resolved "https://registry.yarnpkg.com/electron-to-chromium/-/electron-to-chromium-1.5.68.tgz#4f46be4d465ef00e2100d5557b66f4af70e3ce6c"
  integrity sha512-FgMdJlma0OzUYlbrtZ4AeXjKxKPk6KT8WOP8BjcqxWtlg8qyJQjRzPJzUtUn5GBg1oQ26hFs7HOOHJMYiJRnvQ==

entities@^4.4.0:
  version "4.5.0"
  resolved "https://registry.yarnpkg.com/entities/-/entities-4.5.0.tgz#5d268ea5e7113ec74c4d033b79ea5a35a488fb48"
  integrity sha512-V0hjH4dGPh9Ao5p0MoRY6BVqtwCjhz6vI5LT8AJ55H+4g9/4vbHx1I54fS0XuclLhDHArPQCiMjDxjaL8fPxhw==

esbuild-postcss@^0.0.4:
  version "0.0.4"
  resolved "https://registry.yarnpkg.com/esbuild-postcss/-/esbuild-postcss-0.0.4.tgz#8f07b76743abd33d8622263131b75c7dce5e7b9e"
  integrity sha512-CKYibp+aCswskE+gBPnGZ0b9YyuY0n9w2dxyMaoLYEvGTwmjkRj5SV8l1zGJpw8KylqmcMTK0Gr349RnOLd+8A==
  dependencies:
    postcss-load-config "^3.1.0"

esbuild@^0.24.0:
  version "0.24.0"
  resolved "https://registry.yarnpkg.com/esbuild/-/esbuild-0.24.0.tgz#f2d470596885fcb2e91c21eb3da3b3c89c0b55e7"
  integrity sha512-FuLPevChGDshgSicjisSooU0cemp/sGXR841D5LHMB7mTVOmsEHcAxaH3irL53+8YDIeVNQEySh4DaYU/iuPqQ==
  optionalDependencies:
    "@esbuild/aix-ppc64" "0.24.0"
    "@esbuild/android-arm" "0.24.0"
    "@esbuild/android-arm64" "0.24.0"
    "@esbuild/android-x64" "0.24.0"
    "@esbuild/darwin-arm64" "0.24.0"
    "@esbuild/darwin-x64" "0.24.0"
    "@esbuild/freebsd-arm64" "0.24.0"
    "@esbuild/freebsd-x64" "0.24.0"
    "@esbuild/linux-arm" "0.24.0"
    "@esbuild/linux-arm64" "0.24.0"
    "@esbuild/linux-ia32" "0.24.0"
    "@esbuild/linux-loong64" "0.24.0"
    "@esbuild/linux-mips64el" "0.24.0"
    "@esbuild/linux-ppc64" "0.24.0"
    "@esbuild/linux-riscv64" "0.24.0"
    "@esbuild/linux-s390x" "0.24.0"
    "@esbuild/linux-x64" "0.24.0"
    "@esbuild/netbsd-x64" "0.24.0"
    "@esbuild/openbsd-arm64" "0.24.0"
    "@esbuild/openbsd-x64" "0.24.0"
    "@esbuild/sunos-x64" "0.24.0"
    "@esbuild/win32-arm64" "0.24.0"
    "@esbuild/win32-ia32" "0.24.0"
    "@esbuild/win32-x64" "0.24.0"

escalade@^3.2.0:
  version "3.2.0"
  resolved "https://registry.yarnpkg.com/escalade/-/escalade-3.2.0.tgz#011a3f69856ba189dffa7dc8fcce99d2a87903e5"
  integrity sha512-WUj2qlxaQtO4g6Pq5c29GTcWGDyd8itL8zTlipgECz3JesAiiOKotd8JU6otB3PACgG6xkJUyVhboMS+bje/jA==

escape-string-regexp@^4.0.0:
  version "4.0.0"
  resolved "https://registry.yarnpkg.com/escape-string-regexp/-/escape-string-regexp-4.0.0.tgz#14ba83a5d373e3d311e5afca29cf5bfad965bf34"
  integrity sha512-TtpcNJ3XAzx3Gq8sWRzJaVajRs0uVxA2YAkdb1jm2YkPz4G6egUFAyA3n5vtEIZefPk5Wa4UXbKuS5fKkJWdgA==

fraction.js@^4.3.7:
  version "4.3.7"
  resolved "https://registry.yarnpkg.com/fraction.js/-/fraction.js-4.3.7.tgz#06ca0085157e42fda7f9e726e79fefc4068840f7"
  integrity sha512-ZsDfxO51wGAXREY55a7la9LScWpwv9RxIrYABrlvOFBlH/ShPnrtsXeuUIfXKKOVicNxQ+o8JTbJvjS4M89yew==

lilconfig@^2.0.5:
  version "2.1.0"
  resolved "https://registry.yarnpkg.com/lilconfig/-/lilconfig-2.1.0.tgz#78e23ac89ebb7e1bfbf25b18043de756548e7f52"
  integrity sha512-utWOt/GHzuUxnLKxB6dk81RoOeoNeHgbrXiuGk4yyF5qlRz+iIVWu56E2fqGHFrXz0QNUhLB/8nKqvRH66JKGQ==

linkify-it@^5.0.0:
  version "5.0.0"
  resolved "https://registry.yarnpkg.com/linkify-it/-/linkify-it-5.0.0.tgz#9ef238bfa6dc70bd8e7f9572b52d369af569b421"
  integrity sha512-5aHCbzQRADcdP+ATqnDuhhJ/MRIqDkZX5pyjFHRRysS8vZ5AbqGEoFIb6pYHPZ+L/OC2Lc+xT8uHVVR5CAK/wQ==
  dependencies:
    uc.micro "^2.0.0"

linkifyjs@^4.1.0:
  version "4.1.4"
  resolved "https://registry.yarnpkg.com/linkifyjs/-/linkifyjs-4.1.4.tgz#2766605a20078d50c90f35af22275a42dfb7dfc4"
  integrity sha512-0/NxkHNpiJ0k9VrYCkAn9OtU1eu8xEr1tCCpDtSsVRm/SF0xAak2Gzv3QimSfgUgqLBCDlfhMbu73XvaEHUTPQ==

markdown-it@^14.0.0:
  version "14.1.0"
  resolved "https://registry.yarnpkg.com/markdown-it/-/markdown-it-14.1.0.tgz#3c3c5992883c633db4714ccb4d7b5935d98b7d45"
  integrity sha512-a54IwgWPaeBCAAsv13YgmALOF1elABB08FxO9i+r4VFk5Vl4pKokRPeX8u5TCgSsPi6ec1otfLjdOpVcgbpshg==
  dependencies:
    argparse "^2.0.1"
    entities "^4.4.0"
    linkify-it "^5.0.0"
    mdurl "^2.0.0"
    punycode.js "^2.3.1"
    uc.micro "^2.1.0"

mdurl@^2.0.0:
  version "2.0.0"
  resolved "https://registry.yarnpkg.com/mdurl/-/mdurl-2.0.0.tgz#80676ec0433025dd3e17ee983d0fe8de5a2237e0"
  integrity sha512-Lf+9+2r+Tdp5wXDXC4PcIBjTDtq4UKjCPMQhKIuzpJNW0b96kVqSwW0bT7FhRSfmAiFYgP+SCRvdrDozfh0U5w==

nanoid@^3.3.7:
  version "3.3.8"
  resolved "https://registry.yarnpkg.com/nanoid/-/nanoid-3.3.8.tgz#b1be3030bee36aaff18bacb375e5cce521684baf"
  integrity sha512-WNLf5Sd8oZxOm+TzppcYk8gVOgP+l58xNy58D0nbUnOxOWRWvlcCV4kUF7ltmI6PsrLl/BgKEyS4mqsGChFN0w==

node-releases@^2.0.18:
  version "2.0.18"
  resolved "https://registry.yarnpkg.com/node-releases/-/node-releases-2.0.18.tgz#f010e8d35e2fe8d6b2944f03f70213ecedc4ca3f"
  integrity sha512-d9VeXT4SJ7ZeOqGX6R5EM022wpL+eWPooLI+5UpWn2jCT1aosUQEhQP214x33Wkwx3JQMvIm+tIoVOdodFS40g==

normalize-range@^0.1.2:
  version "0.1.2"
  resolved "https://registry.yarnpkg.com/normalize-range/-/normalize-range-0.1.2.tgz#2d10c06bdfd312ea9777695a4d28439456b75942"
  integrity sha512-bdok/XvKII3nUpklnV6P2hxtMNrCboOjAcyBuQnWEhO665FwrSNRxU+AqpsyvO6LgGYPspN+lu5CLtw4jPRKNA==

orderedmap@^2.0.0:
  version "2.1.1"
  resolved "https://registry.yarnpkg.com/orderedmap/-/orderedmap-2.1.1.tgz#61481269c44031c449915497bf5a4ad273c512d2"
  integrity sha512-TvAWxi0nDe1j/rtMcWcIj94+Ffe6n7zhow33h40SKxmsmozs6dz/e+EajymfoFcHd7sxNn8yHM8839uixMOV6g==

picocolors@^1.0.1, picocolors@^1.1.0, picocolors@^1.1.1:
  version "1.1.1"
  resolved "https://registry.yarnpkg.com/picocolors/-/picocolors-1.1.1.tgz#3d321af3eab939b083c8f929a1d12cda81c26b6b"
  integrity sha512-xceH2snhtb5M9liqDsmEw56le376mTZkEX/jEb/RxNFyegNul7eNslCXP9FDj/Lcu0X8KEyMceP2ntpaHrDEVA==

postcss-load-config@^3.1.0:
  version "3.1.4"
  resolved "https://registry.yarnpkg.com/postcss-load-config/-/postcss-load-config-3.1.4.tgz#1ab2571faf84bb078877e1d07905eabe9ebda855"
  integrity sha512-6DiM4E7v4coTE4uzA8U//WhtPwyhiim3eyjEMFCnUpzbrkK9wJHgKDT2mR+HbtSrd/NubVaYTOpSpjUl8NQeRg==
  dependencies:
    lilconfig "^2.0.5"
    yaml "^1.10.2"

postcss-value-parser@^4.2.0:
  version "4.2.0"
  resolved "https://registry.yarnpkg.com/postcss-value-parser/-/postcss-value-parser-4.2.0.tgz#723c09920836ba6d3e5af019f92bc0971c02e514"
  integrity sha512-1NNCs6uurfkVbeXG4S8JFT9t19m45ICnif8zWLd5oPSZ50QnwMfK+H3jv408d4jw/7Bttv5axS5IiHoLaVNHeQ==

postcss@^8.4.49:
  version "8.4.49"
  resolved "https://registry.yarnpkg.com/postcss/-/postcss-8.4.49.tgz#4ea479048ab059ab3ae61d082190fabfd994fe19"
  integrity sha512-OCVPnIObs4N29kxTjzLfUryOkvZEq+pf8jTF0lg8E7uETuWHA+v7j3c/xJmiqpX450191LlmZfUKkXxkTry7nA==
  dependencies:
    nanoid "^3.3.7"
    picocolors "^1.1.1"
    source-map-js "^1.2.1"

prosemirror-changeset@^2.2.1:
  version "2.2.1"
  resolved "https://registry.yarnpkg.com/prosemirror-changeset/-/prosemirror-changeset-2.2.1.tgz#dae94b63aec618fac7bb9061648e6e2a79988383"
  integrity sha512-J7msc6wbxB4ekDFj+n9gTW/jav/p53kdlivvuppHsrZXCaQdVgRghoZbSS3kwrRyAstRVQ4/+u5k7YfLgkkQvQ==
  dependencies:
    prosemirror-transform "^1.0.0"

prosemirror-collab@^1.3.1:
  version "1.3.1"
  resolved "https://registry.yarnpkg.com/prosemirror-collab/-/prosemirror-collab-1.3.1.tgz#0e8c91e76e009b53457eb3b3051fb68dad029a33"
  integrity sha512-4SnynYR9TTYaQVXd/ieUvsVV4PDMBzrq2xPUWutHivDuOshZXqQ5rGbZM84HEaXKbLdItse7weMGOUdDVcLKEQ==
  dependencies:
    prosemirror-state "^1.0.0"

prosemirror-commands@^1.0.0, prosemirror-commands@^1.6.2:
  version "1.6.2"
  resolved "https://registry.yarnpkg.com/prosemirror-commands/-/prosemirror-commands-1.6.2.tgz#d9cf6654912442cff47daa1677eb43ebd0b1f117"
  integrity sha512-0nDHH++qcf/BuPLYvmqZTUUsPJUCPBUXt0J1ErTcDIS369CTp773itzLGIgIXG4LJXOlwYCr44+Mh4ii6MP1QA==
  dependencies:
    prosemirror-model "^1.0.0"
    prosemirror-state "^1.0.0"
    prosemirror-transform "^1.10.2"

prosemirror-dropcursor@^1.8.1:
  version "1.8.1"
  resolved "https://registry.yarnpkg.com/prosemirror-dropcursor/-/prosemirror-dropcursor-1.8.1.tgz#49b9fb2f583e0d0f4021ff87db825faa2be2832d"
  integrity sha512-M30WJdJZLyXHi3N8vxN6Zh5O8ZBbQCz0gURTfPmTIBNQ5pxrdU7A58QkNqfa98YEjSAL1HUyyU34f6Pm5xBSGw==
  dependencies:
    prosemirror-state "^1.0.0"
    prosemirror-transform "^1.1.0"
    prosemirror-view "^1.1.0"

prosemirror-gapcursor@^1.3.2:
  version "1.3.2"
  resolved "https://registry.yarnpkg.com/prosemirror-gapcursor/-/prosemirror-gapcursor-1.3.2.tgz#5fa336b83789c6199a7341c9493587e249215cb4"
  integrity sha512-wtjswVBd2vaQRrnYZaBCbyDqr232Ed4p2QPtRIUK5FuqHYKGWkEwl08oQM4Tw7DOR0FsasARV5uJFvMZWxdNxQ==
  dependencies:
    prosemirror-keymap "^1.0.0"
    prosemirror-model "^1.0.0"
    prosemirror-state "^1.0.0"
    prosemirror-view "^1.0.0"

prosemirror-history@^1.0.0, prosemirror-history@^1.4.1:
  version "1.4.1"
  resolved "https://registry.yarnpkg.com/prosemirror-history/-/prosemirror-history-1.4.1.tgz#cc370a46fb629e83a33946a0e12612e934ab8b98"
  integrity sha512-2JZD8z2JviJrboD9cPuX/Sv/1ChFng+xh2tChQ2X4bB2HeK+rra/bmJ3xGntCcjhOqIzSDG6Id7e8RJ9QPXLEQ==
  dependencies:
    prosemirror-state "^1.2.2"
    prosemirror-transform "^1.0.0"
    prosemirror-view "^1.31.0"
    rope-sequence "^1.3.0"

prosemirror-inputrules@^1.4.0:
  version "1.4.0"
  resolved "https://registry.yarnpkg.com/prosemirror-inputrules/-/prosemirror-inputrules-1.4.0.tgz#ef1519bb2cb0d1e0cec74bad1a97f1c1555068bb"
  integrity sha512-6ygpPRuTJ2lcOXs9JkefieMst63wVJBgHZGl5QOytN7oSZs3Co/BYbc3Yx9zm9H37Bxw8kVzCnDsihsVsL4yEg==
  dependencies:
    prosemirror-state "^1.0.0"
    prosemirror-transform "^1.0.0"

prosemirror-keymap@^1.0.0, prosemirror-keymap@^1.1.2, prosemirror-keymap@^1.2.2:
  version "1.2.2"
  resolved "https://registry.yarnpkg.com/prosemirror-keymap/-/prosemirror-keymap-1.2.2.tgz#14a54763a29c7b2704f561088ccf3384d14eb77e"
  integrity sha512-EAlXoksqC6Vbocqc0GtzCruZEzYgrn+iiGnNjsJsH4mrnIGex4qbLdWWNza3AW5W36ZRrlBID0eM6bdKH4OStQ==
  dependencies:
    prosemirror-state "^1.0.0"
    w3c-keyname "^2.2.0"

prosemirror-markdown@^1.13.1:
  version "1.13.1"
  resolved "https://registry.yarnpkg.com/prosemirror-markdown/-/prosemirror-markdown-1.13.1.tgz#23feb6652dacb3dd78ffd8f131da37c20e4e4cf8"
  integrity sha512-Sl+oMfMtAjWtlcZoj/5L/Q39MpEnVZ840Xo330WJWUvgyhNmLBLN7MsHn07s53nG/KImevWHSE6fEj4q/GihHw==
  dependencies:
    "@types/markdown-it" "^14.0.0"
    markdown-it "^14.0.0"
    prosemirror-model "^1.20.0"

prosemirror-menu@^1.2.4:
  version "1.2.4"
  resolved "https://registry.yarnpkg.com/prosemirror-menu/-/prosemirror-menu-1.2.4.tgz#3cfdc7c06d10f9fbd1bce29082c498bd11a0a79a"
  integrity sha512-S/bXlc0ODQup6aiBbWVsX/eM+xJgCTAfMq/nLqaO5ID/am4wS0tTCIkzwytmao7ypEtjj39i7YbJjAgO20mIqA==
  dependencies:
    crelt "^1.0.0"
    prosemirror-commands "^1.0.0"
    prosemirror-history "^1.0.0"
    prosemirror-state "^1.0.0"

prosemirror-model@^1.0.0, prosemirror-model@^1.19.0, prosemirror-model@^1.20.0, prosemirror-model@^1.21.0, prosemirror-model@^1.23.0, prosemirror-model@^1.8.1:
  version "1.24.0"
  resolved "https://registry.yarnpkg.com/prosemirror-model/-/prosemirror-model-1.24.0.tgz#01fd4fdfd32b196d2a073066b25c232bcf946aa4"
  integrity sha512-Ft7epNnycoQSM+2ObF35SBbBX+5WY39v8amVlrtlAcpglhlHs2tCTnWl7RX5tbp/PsMKcRcWV9cXPuoBWq0AIQ==
  dependencies:
    orderedmap "^2.0.0"

prosemirror-schema-basic@^1.2.3:
  version "1.2.3"
  resolved "https://registry.yarnpkg.com/prosemirror-schema-basic/-/prosemirror-schema-basic-1.2.3.tgz#649c349bb21c61a56febf9deb71ac68fca4cedf2"
  integrity sha512-h+H0OQwZVqMon1PNn0AG9cTfx513zgIG2DY00eJ00Yvgb3UD+GQ/VlWW5rcaxacpCGT1Yx8nuhwXk4+QbXUfJA==
  dependencies:
    prosemirror-model "^1.19.0"

prosemirror-schema-list@^1.4.1:
  version "1.4.1"
  resolved "https://registry.yarnpkg.com/prosemirror-schema-list/-/prosemirror-schema-list-1.4.1.tgz#78b8d25531db48ca9688836dbde50e13ac19a4a1"
  integrity sha512-jbDyaP/6AFfDfu70VzySsD75Om2t3sXTOdl5+31Wlxlg62td1haUpty/ybajSfJ1pkGadlOfwQq9kgW5IMo1Rg==
  dependencies:
    prosemirror-model "^1.0.0"
    prosemirror-state "^1.0.0"
    prosemirror-transform "^1.7.3"

prosemirror-state@^1.0.0, prosemirror-state@^1.2.2, prosemirror-state@^1.3.1, prosemirror-state@^1.4.3:
  version "1.4.3"
  resolved "https://registry.yarnpkg.com/prosemirror-state/-/prosemirror-state-1.4.3.tgz#94aecf3ffd54ec37e87aa7179d13508da181a080"
  integrity sha512-goFKORVbvPuAQaXhpbemJFRKJ2aixr+AZMGiquiqKxaucC6hlpHNZHWgz5R7dS4roHiwq9vDctE//CZ++o0W1Q==
  dependencies:
    prosemirror-model "^1.0.0"
    prosemirror-transform "^1.0.0"
    prosemirror-view "^1.27.0"

prosemirror-tables@^1.6.1:
  version "1.6.1"
  resolved "https://registry.yarnpkg.com/prosemirror-tables/-/prosemirror-tables-1.6.1.tgz#8df27facbf7632a574afb32a665aaadf7f2ed69a"
  integrity sha512-p8WRJNA96jaNQjhJolmbxTzd6M4huRE5xQ8OxjvMhQUP0Nzpo4zz6TztEiwk6aoqGBhz9lxRWR1yRZLlpQN98w==
  dependencies:
    prosemirror-keymap "^1.1.2"
    prosemirror-model "^1.8.1"
    prosemirror-state "^1.3.1"
    prosemirror-transform "^1.2.1"
    prosemirror-view "^1.13.3"

prosemirror-trailing-node@^3.0.0:
  version "3.0.0"
  resolved "https://registry.yarnpkg.com/prosemirror-trailing-node/-/prosemirror-trailing-node-3.0.0.tgz#5bc223d4fc1e8d9145e4079ec77a932b54e19e04"
  integrity sha512-xiun5/3q0w5eRnGYfNlW1uU9W6x5MoFKWwq/0TIRgt09lv7Hcser2QYV8t4muXbEr+Fwo0geYn79Xs4GKywrRQ==
  dependencies:
    "@remirror/core-constants" "3.0.0"
    escape-string-regexp "^4.0.0"

prosemirror-transform@^1.0.0, prosemirror-transform@^1.1.0, prosemirror-transform@^1.10.2, prosemirror-transform@^1.2.1, prosemirror-transform@^1.7.3:
  version "1.10.2"
  resolved "https://registry.yarnpkg.com/prosemirror-transform/-/prosemirror-transform-1.10.2.tgz#8ebac4e305b586cd96595aa028118c9191bbf052"
  integrity sha512-2iUq0wv2iRoJO/zj5mv8uDUriOHWzXRnOTVgCzSXnktS/2iQRa3UUQwVlkBlYZFtygw6Nh1+X4mGqoYBINn5KQ==
  dependencies:
    prosemirror-model "^1.21.0"

prosemirror-view@^1.0.0, prosemirror-view@^1.1.0, prosemirror-view@^1.13.3, prosemirror-view@^1.27.0, prosemirror-view@^1.31.0, prosemirror-view@^1.37.0:
  version "1.37.0"
  resolved "https://registry.yarnpkg.com/prosemirror-view/-/prosemirror-view-1.37.0.tgz#4bc5486d70c546490733197d4bbf4579bfc3d84d"
  integrity sha512-z2nkKI1sJzyi7T47Ji/ewBPuIma1RNvQCCYVdV+MqWBV7o4Sa1n94UJCJJ1aQRF/xRkFfyqLGlGFWitIcCOtbg==
  dependencies:
    prosemirror-model "^1.20.0"
    prosemirror-state "^1.0.0"
    prosemirror-transform "^1.1.0"

punycode.js@^2.3.1:
  version "2.3.1"
  resolved "https://registry.yarnpkg.com/punycode.js/-/punycode.js-2.3.1.tgz#6b53e56ad75588234e79f4affa90972c7dd8cdb7"
  integrity sha512-uxFIHU0YlHYhDQtV4R9J6a52SLx28BCjT+4ieh7IGbgwVJWO+km431c4yRlREUAsAmt/uMjQUyQHNEPf0M39CA==

rope-sequence@^1.3.0:
  version "1.3.4"
  resolved "https://registry.yarnpkg.com/rope-sequence/-/rope-sequence-1.3.4.tgz#df85711aaecd32f1e756f76e43a415171235d425"
  integrity sha512-UT5EDe2cu2E/6O4igUr5PSFs23nvvukicWHx6GnOPlHAiiYbzNuCRQCuiUdHJQcqKalLKlrYJnjY0ySGsXNQXQ==

source-map-js@^1.2.1:
  version "1.2.1"
  resolved "https://registry.yarnpkg.com/source-map-js/-/source-map-js-1.2.1.tgz#1ce5650fddd87abc099eda37dcff024c2667ae46"
  integrity sha512-UXWMKhLOwVKb728IUtQPXxfYU+usdybtUrK/8uGE8CQMvrhOpwvzDBwj0QhSL7MQc7vIsISBG8VQ8+IDQxpfQA==

uc.micro@^2.0.0, uc.micro@^2.1.0:
  version "2.1.0"
  resolved "https://registry.yarnpkg.com/uc.micro/-/uc.micro-2.1.0.tgz#f8d3f7d0ec4c3dea35a7e3c8efa4cb8b45c9e7ee"
  integrity sha512-ARDJmphmdvUk6Glw7y9DQ2bFkKBHwQHLi2lsaH6PPmz/Ka9sFOBsBluozhDltWmnv9u/cF6Rt87znRTPV+yp/A==

update-browserslist-db@^1.1.1:
  version "1.1.1"
  resolved "https://registry.yarnpkg.com/update-browserslist-db/-/update-browserslist-db-1.1.1.tgz#80846fba1d79e82547fb661f8d141e0945755fe5"
  integrity sha512-R8UzCaa9Az+38REPiJ1tXlImTJXlVfgHZsglwBD/k6nj76ctsH1E3q4doGrukiLQd3sGQYu56r5+lo5r94l29A==
  dependencies:
    escalade "^3.2.0"
    picocolors "^1.1.0"

w3c-keyname@^2.2.0:
  version "2.2.8"
  resolved "https://registry.yarnpkg.com/w3c-keyname/-/w3c-keyname-2.2.8.tgz#7b17c8c6883d4e8b86ac8aba79d39e880f8869c5"
  integrity sha512-dpojBhNsCNN7T82Tm7k26A6G9ML3NkhDsnw9n/eoxSRlVBB4CEtIQ/KTCLI2Fwf3ataSXRhYFkQi3SlnFwPvPQ==

yaml@^1.10.2:
  version "1.10.2"
  resolved "https://registry.yarnpkg.com/yaml/-/yaml-1.10.2.tgz#2301c5ffbf12b467de8da2333a459e29e7920e4b"
  integrity sha512-r3vXyErRCYJ7wg28yvBY5VSoAF8ZvlcW9/BwUzEtUsjvX/DKs24dIkuwjtuprwJJHsbyUbLApepYTR1BN4uHrg==
