# THIS IS AN AUTOGENERATED FILE. DO NOT EDIT THIS FILE DIRECTLY.
# yarn lockfile v1


"@esbuild/aix-ppc64@0.25.2":
  version "0.25.2"
  resolved "https://registry.yarnpkg.com/@esbuild/aix-ppc64/-/aix-ppc64-0.25.2.tgz#b87036f644f572efb2b3c75746c97d1d2d87ace8"
  integrity sha512-wCIboOL2yXZym2cgm6mlA742s9QeJ8DjGVaL39dLN4rRwrOgOyYSnOaFPhKZGLb2ngj4EyfAFjsNJwPXZvseag==

"@esbuild/android-arm64@0.25.2":
  version "0.25.2"
  resolved "https://registry.yarnpkg.com/@esbuild/android-arm64/-/android-arm64-0.25.2.tgz#5ca7dc20a18f18960ad8d5e6ef5cf7b0a256e196"
  integrity sha512-5ZAX5xOmTligeBaeNEPnPaeEuah53Id2tX4c2CVP3JaROTH+j4fnfHCkr1PjXMd78hMst+TlkfKcW/DlTq0i4w==

"@esbuild/android-arm@0.25.2":
  version "0.25.2"
  resolved "https://registry.yarnpkg.com/@esbuild/android-arm/-/android-arm-0.25.2.tgz#3c49f607b7082cde70c6ce0c011c362c57a194ee"
  integrity sha512-NQhH7jFstVY5x8CKbcfa166GoV0EFkaPkCKBQkdPJFvo5u+nGXLEH/ooniLb3QI8Fk58YAx7nsPLozUWfCBOJA==

"@esbuild/android-x64@0.25.2":
  version "0.25.2"
  resolved "https://registry.yarnpkg.com/@esbuild/android-x64/-/android-x64-0.25.2.tgz#8a00147780016aff59e04f1036e7cb1b683859e2"
  integrity sha512-Ffcx+nnma8Sge4jzddPHCZVRvIfQ0kMsUsCMcJRHkGJ1cDmhe4SsrYIjLUKn1xpHZybmOqCWwB0zQvsjdEHtkg==

"@esbuild/darwin-arm64@0.25.2":
  version "0.25.2"
  resolved "https://registry.yarnpkg.com/@esbuild/darwin-arm64/-/darwin-arm64-0.25.2.tgz#486efe7599a8d90a27780f2bb0318d9a85c6c423"
  integrity sha512-MpM6LUVTXAzOvN4KbjzU/q5smzryuoNjlriAIx+06RpecwCkL9JpenNzpKd2YMzLJFOdPqBpuub6eVRP5IgiSA==

"@esbuild/darwin-x64@0.25.2":
  version "0.25.2"
  resolved "https://registry.yarnpkg.com/@esbuild/darwin-x64/-/darwin-x64-0.25.2.tgz#95ee222aacf668c7a4f3d7ee87b3240a51baf374"
  integrity sha512-5eRPrTX7wFyuWe8FqEFPG2cU0+butQQVNcT4sVipqjLYQjjh8a8+vUTfgBKM88ObB85ahsnTwF7PSIt6PG+QkA==

"@esbuild/freebsd-arm64@0.25.2":
  version "0.25.2"
  resolved "https://registry.yarnpkg.com/@esbuild/freebsd-arm64/-/freebsd-arm64-0.25.2.tgz#67efceda8554b6fc6a43476feba068fb37fa2ef6"
  integrity sha512-mLwm4vXKiQ2UTSX4+ImyiPdiHjiZhIaE9QvC7sw0tZ6HoNMjYAqQpGyui5VRIi5sGd+uWq940gdCbY3VLvsO1w==

"@esbuild/freebsd-x64@0.25.2":
  version "0.25.2"
  resolved "https://registry.yarnpkg.com/@esbuild/freebsd-x64/-/freebsd-x64-0.25.2.tgz#88a9d7ecdd3adadbfe5227c2122d24816959b809"
  integrity sha512-6qyyn6TjayJSwGpm8J9QYYGQcRgc90nmfdUb0O7pp1s4lTY+9D0H9O02v5JqGApUyiHOtkz6+1hZNvNtEhbwRQ==

"@esbuild/linux-arm64@0.25.2":
  version "0.25.2"
  resolved "https://registry.yarnpkg.com/@esbuild/linux-arm64/-/linux-arm64-0.25.2.tgz#87be1099b2bbe61282333b084737d46bc8308058"
  integrity sha512-gq/sjLsOyMT19I8obBISvhoYiZIAaGF8JpeXu1u8yPv8BE5HlWYobmlsfijFIZ9hIVGYkbdFhEqC0NvM4kNO0g==

"@esbuild/linux-arm@0.25.2":
  version "0.25.2"
  resolved "https://registry.yarnpkg.com/@esbuild/linux-arm/-/linux-arm-0.25.2.tgz#72a285b0fe64496e191fcad222185d7bf9f816f6"
  integrity sha512-UHBRgJcmjJv5oeQF8EpTRZs/1knq6loLxTsjc3nxO9eXAPDLcWW55flrMVc97qFPbmZP31ta1AZVUKQzKTzb0g==

"@esbuild/linux-ia32@0.25.2":
  version "0.25.2"
  resolved "https://registry.yarnpkg.com/@esbuild/linux-ia32/-/linux-ia32-0.25.2.tgz#337a87a4c4dd48a832baed5cbb022be20809d737"
  integrity sha512-bBYCv9obgW2cBP+2ZWfjYTU+f5cxRoGGQ5SeDbYdFCAZpYWrfjjfYwvUpP8MlKbP0nwZ5gyOU/0aUzZ5HWPuvQ==

"@esbuild/linux-loong64@0.25.2":
  version "0.25.2"
  resolved "https://registry.yarnpkg.com/@esbuild/linux-loong64/-/linux-loong64-0.25.2.tgz#1b81aa77103d6b8a8cfa7c094ed3d25c7579ba2a"
  integrity sha512-SHNGiKtvnU2dBlM5D8CXRFdd+6etgZ9dXfaPCeJtz+37PIUlixvlIhI23L5khKXs3DIzAn9V8v+qb1TRKrgT5w==

"@esbuild/linux-mips64el@0.25.2":
  version "0.25.2"
  resolved "https://registry.yarnpkg.com/@esbuild/linux-mips64el/-/linux-mips64el-0.25.2.tgz#afbe380b6992e7459bf7c2c3b9556633b2e47f30"
  integrity sha512-hDDRlzE6rPeoj+5fsADqdUZl1OzqDYow4TB4Y/3PlKBD0ph1e6uPHzIQcv2Z65u2K0kpeByIyAjCmjn1hJgG0Q==

"@esbuild/linux-ppc64@0.25.2":
  version "0.25.2"
  resolved "https://registry.yarnpkg.com/@esbuild/linux-ppc64/-/linux-ppc64-0.25.2.tgz#6bf8695cab8a2b135cca1aa555226dc932d52067"
  integrity sha512-tsHu2RRSWzipmUi9UBDEzc0nLc4HtpZEI5Ba+Omms5456x5WaNuiG3u7xh5AO6sipnJ9r4cRWQB2tUjPyIkc6g==

"@esbuild/linux-riscv64@0.25.2":
  version "0.25.2"
  resolved "https://registry.yarnpkg.com/@esbuild/linux-riscv64/-/linux-riscv64-0.25.2.tgz#43c2d67a1a39199fb06ba978aebb44992d7becc3"
  integrity sha512-k4LtpgV7NJQOml/10uPU0s4SAXGnowi5qBSjaLWMojNCUICNu7TshqHLAEbkBdAszL5TabfvQ48kK84hyFzjnw==

"@esbuild/linux-s390x@0.25.2":
  version "0.25.2"
  resolved "https://registry.yarnpkg.com/@esbuild/linux-s390x/-/linux-s390x-0.25.2.tgz#419e25737ec815c6dce2cd20d026e347cbb7a602"
  integrity sha512-GRa4IshOdvKY7M/rDpRR3gkiTNp34M0eLTaC1a08gNrh4u488aPhuZOCpkF6+2wl3zAN7L7XIpOFBhnaE3/Q8Q==

"@esbuild/linux-x64@0.25.2":
  version "0.25.2"
  resolved "https://registry.yarnpkg.com/@esbuild/linux-x64/-/linux-x64-0.25.2.tgz#22451f6edbba84abe754a8cbd8528ff6e28d9bcb"
  integrity sha512-QInHERlqpTTZ4FRB0fROQWXcYRD64lAoiegezDunLpalZMjcUcld3YzZmVJ2H/Cp0wJRZ8Xtjtj0cEHhYc/uUg==

"@esbuild/netbsd-arm64@0.25.2":
  version "0.25.2"
  resolved "https://registry.yarnpkg.com/@esbuild/netbsd-arm64/-/netbsd-arm64-0.25.2.tgz#744affd3b8d8236b08c5210d828b0698a62c58ac"
  integrity sha512-talAIBoY5M8vHc6EeI2WW9d/CkiO9MQJ0IOWX8hrLhxGbro/vBXJvaQXefW2cP0z0nQVTdQ/eNyGFV1GSKrxfw==

"@esbuild/netbsd-x64@0.25.2":
  version "0.25.2"
  resolved "https://registry.yarnpkg.com/@esbuild/netbsd-x64/-/netbsd-x64-0.25.2.tgz#dbbe7521fd6d7352f34328d676af923fc0f8a78f"
  integrity sha512-voZT9Z+tpOxrvfKFyfDYPc4DO4rk06qamv1a/fkuzHpiVBMOhpjK+vBmWM8J1eiB3OLSMFYNaOaBNLXGChf5tg==

"@esbuild/openbsd-arm64@0.25.2":
  version "0.25.2"
  resolved "https://registry.yarnpkg.com/@esbuild/openbsd-arm64/-/openbsd-arm64-0.25.2.tgz#f9caf987e3e0570500832b487ce3039ca648ce9f"
  integrity sha512-dcXYOC6NXOqcykeDlwId9kB6OkPUxOEqU+rkrYVqJbK2hagWOMrsTGsMr8+rW02M+d5Op5NNlgMmjzecaRf7Tg==

"@esbuild/openbsd-x64@0.25.2":
  version "0.25.2"
  resolved "https://registry.yarnpkg.com/@esbuild/openbsd-x64/-/openbsd-x64-0.25.2.tgz#d2bb6a0f8ffea7b394bb43dfccbb07cabd89f768"
  integrity sha512-t/TkWwahkH0Tsgoq1Ju7QfgGhArkGLkF1uYz8nQS/PPFlXbP5YgRpqQR3ARRiC2iXoLTWFxc6DJMSK10dVXluw==

"@esbuild/sunos-x64@0.25.2":
  version "0.25.2"
  resolved "https://registry.yarnpkg.com/@esbuild/sunos-x64/-/sunos-x64-0.25.2.tgz#49b437ed63fe333b92137b7a0c65a65852031afb"
  integrity sha512-cfZH1co2+imVdWCjd+D1gf9NjkchVhhdpgb1q5y6Hcv9TP6Zi9ZG/beI3ig8TvwT9lH9dlxLq5MQBBgwuj4xvA==

"@esbuild/win32-arm64@0.25.2":
  version "0.25.2"
  resolved "https://registry.yarnpkg.com/@esbuild/win32-arm64/-/win32-arm64-0.25.2.tgz#081424168463c7d6c7fb78f631aede0c104373cf"
  integrity sha512-7Loyjh+D/Nx/sOTzV8vfbB3GJuHdOQyrOryFdZvPHLf42Tk9ivBU5Aedi7iyX+x6rbn2Mh68T4qq1SDqJBQO5Q==

"@esbuild/win32-ia32@0.25.2":
  version "0.25.2"
  resolved "https://registry.yarnpkg.com/@esbuild/win32-ia32/-/win32-ia32-0.25.2.tgz#3f9e87143ddd003133d21384944a6c6cadf9693f"
  integrity sha512-WRJgsz9un0nqZJ4MfhabxaD9Ft8KioqU3JMinOTvobbX6MOSUigSBlogP8QB3uxpJDsFS6yN+3FDBdqE5lg9kg==

"@esbuild/win32-x64@0.25.2":
  version "0.25.2"
  resolved "https://registry.yarnpkg.com/@esbuild/win32-x64/-/win32-x64-0.25.2.tgz#839f72c2decd378f86b8f525e1979a97b920c67d"
  integrity sha512-kM3HKb16VIXZyIeVrM1ygYmZBKybX8N4p754bw390wGO3Tf2j4L2/WYL+4suWujpgf6GBYs3jv7TyUivdd05JA==

"@remirror/core-constants@3.0.0":
  version "3.0.0"
  resolved "https://registry.yarnpkg.com/@remirror/core-constants/-/core-constants-3.0.0.tgz#96fdb89d25c62e7b6a5d08caf0ce5114370e3b8f"
  integrity sha512-42aWfPrimMfDKDi4YegyS7x+/0tlzaqwPQCULLanv3DMIlu96KTJR0fM5isWX2UViOqlGnX6YFgqWepcX+XMNg==

"@tiptap/core@^2.11.7":
  version "2.11.7"
  resolved "https://registry.yarnpkg.com/@tiptap/core/-/core-2.11.7.tgz#38600a7dabc42ea84e8dfb7a74c19df10db95d14"
  integrity sha512-zN+NFFxLsxNEL8Qioc+DL6b8+Tt2bmRbXH22Gk6F6nD30x83eaUSFlSv3wqvgyCq3I1i1NO394So+Agmayx6rQ==

"@tiptap/extension-blockquote@^2.11.7":
  version "2.11.7"
  resolved "https://registry.yarnpkg.com/@tiptap/extension-blockquote/-/extension-blockquote-2.11.7.tgz#ccbabedd2e19581424730613f00e971b527198ee"
  integrity sha512-liD8kWowl3CcYCG9JQlVx1eSNc/aHlt6JpVsuWvzq6J8APWX693i3+zFqyK2eCDn0k+vW62muhSBe3u09hA3Zw==

"@tiptap/extension-bold@^2.11.7":
  version "2.11.7"
  resolved "https://registry.yarnpkg.com/@tiptap/extension-bold/-/extension-bold-2.11.7.tgz#de45d9ab47b7342d83bb38823e57d1d4de3f3ae0"
  integrity sha512-VTR3JlldBixXbjpLTFme/Bxf1xeUgZZY3LTlt5JDlCW3CxO7k05CIa+kEZ8LXpog5annytZDUVtWqxrNjmsuHQ==

"@tiptap/extension-bullet-list@^2.11.7":
  version "2.11.7"
  resolved "https://registry.yarnpkg.com/@tiptap/extension-bullet-list/-/extension-bullet-list-2.11.7.tgz#33d965074108ea8dd1ba558b525bb25e12e54876"
  integrity sha512-WbPogE2/Q3e3/QYgbT1Sj4KQUfGAJNc5pvb7GrUbvRQsAh7HhtuO8hqdDwH8dEdD/cNUehgt17TO7u8qV6qeBw==

"@tiptap/extension-code-block@^2.11.7":
  version "2.11.7"
  resolved "https://registry.yarnpkg.com/@tiptap/extension-code-block/-/extension-code-block-2.11.7.tgz#1aaaadd231317a0e1277aa987854a077cb83f0f7"
  integrity sha512-To/y/2H04VWqiANy53aXjV7S6fA86c2759RsH1hTIe57jA1KyE7I5tlAofljOLZK/covkGmPeBddSPHGJbz++Q==

"@tiptap/extension-code@^2.11.7":
  version "2.11.7"
  resolved "https://registry.yarnpkg.com/@tiptap/extension-code/-/extension-code-2.11.7.tgz#d9cb080992080d3a576482d8beee280d29d8a9df"
  integrity sha512-VpPO1Uy/eF4hYOpohS/yMOcE1C07xmMj0/D989D9aS1x95jWwUVrSkwC+PlWMUBx9PbY2NRsg1ZDwVvlNKZ6yQ==

"@tiptap/extension-color@^2.11.7":
  version "2.11.7"
  resolved "https://registry.yarnpkg.com/@tiptap/extension-color/-/extension-color-2.11.7.tgz#c5222456d2f017391707fe86d4f7f811faa60968"
  integrity sha512-2CWb0Qnh8Crf9OwnnWB+M1QJtWrbn6IMSwuOzk+tSzdWSazjN8h6XAZVemr0qMdAA/SyUigzorStiPxN6o3/vQ==

"@tiptap/extension-document@^2.11.7":
  version "2.11.7"
  resolved "https://registry.yarnpkg.com/@tiptap/extension-document/-/extension-document-2.11.7.tgz#07e3fcf42069fda02b63758b2f236822a7a14acc"
  integrity sha512-95ouJXPjdAm9+VBRgFo4lhDoMcHovyl/awORDI8gyEn0Rdglt+ZRZYoySFzbVzer9h0cre+QdIwr9AIzFFbfdA==

"@tiptap/extension-dropcursor@^2.11.7":
  version "2.11.7"
  resolved "https://registry.yarnpkg.com/@tiptap/extension-dropcursor/-/extension-dropcursor-2.11.7.tgz#389229b91ccce4d8ab2139acd9dafadbfedac7c0"
  integrity sha512-63mL+nxQILizsr5NbmgDeOjFEWi34BLt7evwL6UUZEVM15K8V1G8pD9Y0kCXrZYpHWz0tqFRXdrhDz0Ppu8oVw==

"@tiptap/extension-gapcursor@^2.11.7":
  version "2.11.7"
  resolved "https://registry.yarnpkg.com/@tiptap/extension-gapcursor/-/extension-gapcursor-2.11.7.tgz#82110b499ba7ae9a76cd57f42d535af3989abd98"
  integrity sha512-EceesmPG7FyjXZ8EgeJPUov9G1mAf2AwdypxBNH275g6xd5dmU/KvjoFZjmQ0X1ve7mS+wNupVlGxAEUYoveew==

"@tiptap/extension-hard-break@^2.11.7":
  version "2.11.7"
  resolved "https://registry.yarnpkg.com/@tiptap/extension-hard-break/-/extension-hard-break-2.11.7.tgz#6344893e9ac938684cecabad4ea037cc729f6cd7"
  integrity sha512-zTkZSA6q+F5sLOdCkiC2+RqJQN0zdsJqvFIOVFL/IDVOnq6PZO5THzwRRLvOSnJJl3edRQCl/hUgS0L5sTInGQ==

"@tiptap/extension-heading@^2.11.7":
  version "2.11.7"
  resolved "https://registry.yarnpkg.com/@tiptap/extension-heading/-/extension-heading-2.11.7.tgz#0e29db2a5dcd3456c7ab1a40817b56b926a073ec"
  integrity sha512-8kWh7y4Rd2fwxfWOhFFWncHdkDkMC1Z60yzIZWjIu72+6yQxvo8w3yeb7LI7jER4kffbMmadgcfhCHC/fkObBA==

"@tiptap/extension-highlight@^2.11.7":
  version "2.11.7"
  resolved "https://registry.yarnpkg.com/@tiptap/extension-highlight/-/extension-highlight-2.11.7.tgz#2c92a6b8de96edfbdb2d3cdbd9eb8cf9c8011da8"
  integrity sha512-c/NH4kIpNOWCUQv8RkFNDyOcgt+2pYFpDf0QBJmzhAuv4BIeS2bDmDtuNS7VgoWRZH+xxCNXfvm2BG+kjtipEg==

"@tiptap/extension-history@^2.11.7":
  version "2.11.7"
  resolved "https://registry.yarnpkg.com/@tiptap/extension-history/-/extension-history-2.11.7.tgz#428d3a4e11f1c261ec34b68c2d3d84f1377ed81e"
  integrity sha512-Cu5x3aS13I040QSRoLdd+w09G4OCVfU+azpUqxufZxeNs9BIJC+0jowPLeOxKDh6D5GGT2A8sQtxc6a/ssbs8g==

"@tiptap/extension-horizontal-rule@^2.11.7":
  version "2.11.7"
  resolved "https://registry.yarnpkg.com/@tiptap/extension-horizontal-rule/-/extension-horizontal-rule-2.11.7.tgz#36e33184064f844aeb3950011c346643926e682b"
  integrity sha512-uVmQwD2dzZ5xwmvUlciy0ItxOdOfQjH6VLmu80zyJf8Yu7mvwP8JyxoXUX0vd1xHpwAhgQ9/ozjIWYGIw79DPQ==

"@tiptap/extension-image@^2.11.7":
  version "2.11.7"
  resolved "https://registry.yarnpkg.com/@tiptap/extension-image/-/extension-image-2.11.7.tgz#999e309cf769c5730727551c8563793b690c3af6"
  integrity sha512-YvCmTDB7Oo+A56tR4S/gcNaYpqU4DDlSQcRp5IQvmQV5EekSe0lnEazGDoqOCwsit9qQhj4MPQJhKrnaWrJUrg==

"@tiptap/extension-italic@^2.11.7":
  version "2.11.7"
  resolved "https://registry.yarnpkg.com/@tiptap/extension-italic/-/extension-italic-2.11.7.tgz#f3830c6ec8c7a12e20c64f9b7f100eff1a5382d9"
  integrity sha512-r985bkQfG0HMpmCU0X0p/Xe7U1qgRm2mxvcp6iPCuts2FqxaCoyfNZ8YnMsgVK1mRhM7+CQ5SEg2NOmQNtHvPw==

"@tiptap/extension-link@^2.11.7":
  version "2.11.7"
  resolved "https://registry.yarnpkg.com/@tiptap/extension-link/-/extension-link-2.11.7.tgz#315588c536a7effe0fa2470c458a9734021a0b88"
  integrity sha512-qKIowE73aAUrnQCIifYP34xXOHOsZw46cT/LBDlb0T60knVfQoKVE4ku08fJzAV+s6zqgsaaZ4HVOXkQYLoW7g==
  dependencies:
    linkifyjs "^4.2.0"

"@tiptap/extension-list-item@^2.11.7":
  version "2.11.7"
  resolved "https://registry.yarnpkg.com/@tiptap/extension-list-item/-/extension-list-item-2.11.7.tgz#06d9ea69dadaa09d260cfde81d5c77b56d8b0937"
  integrity sha512-6ikh7Y+qAbkSuIHXPIINqfzmWs5uIGrylihdZ9adaIyvrN1KSnWIqrZIk/NcZTg5YFIJlXrnGSRSjb/QM3WUhw==

"@tiptap/extension-ordered-list@^2.11.7":
  version "2.11.7"
  resolved "https://registry.yarnpkg.com/@tiptap/extension-ordered-list/-/extension-ordered-list-2.11.7.tgz#3310176a22ed6010b646ccf9c4fe6c25d05553dc"
  integrity sha512-bLGCHDMB0vbJk7uu8bRg8vES3GsvxkX7Cgjgm/6xysHFbK98y0asDtNxkW1VvuRreNGz4tyB6vkcVCfrxl4jKw==

"@tiptap/extension-paragraph@^2.11.7":
  version "2.11.7"
  resolved "https://registry.yarnpkg.com/@tiptap/extension-paragraph/-/extension-paragraph-2.11.7.tgz#de7fba01ebd35bddf4d6225fff708eb223276bc5"
  integrity sha512-Pl3B4q6DJqTvvAdraqZaNP9Hh0UWEHL5nNdxhaRNuhKaUo7lq8wbDSIxIW3lvV0lyCs0NfyunkUvSm1CXb6d4Q==

"@tiptap/extension-strike@^2.11.7":
  version "2.11.7"
  resolved "https://registry.yarnpkg.com/@tiptap/extension-strike/-/extension-strike-2.11.7.tgz#311b55f06bb3d1f93c02b809844cc8d27d110422"
  integrity sha512-D6GYiW9F24bvAY7XMOARNZbC8YGPzdzWdXd8VOOJABhf4ynMi/oW4NNiko+kZ67jn3EGaKoz32VMJzNQgYi1HA==

"@tiptap/extension-subscript@^2.11.7":
  version "2.11.7"
  resolved "https://registry.yarnpkg.com/@tiptap/extension-subscript/-/extension-subscript-2.11.7.tgz#ec9fc2c61ab98c13f5263598563fb46f8ebf29bf"
  integrity sha512-I25ZexCddFJ9701DCCtQbX3Vtxzj5d9ss2GAXVweIUCdATCScaebsznyUQoN5papmhTxXsw5OD+K2ZHxP82pew==

"@tiptap/extension-superscript@^2.11.7":
  version "2.11.7"
  resolved "https://registry.yarnpkg.com/@tiptap/extension-superscript/-/extension-superscript-2.11.7.tgz#4ad097717c590172a97187311e294087e628f36a"
  integrity sha512-dNRpCcRJs0Qvv0sZRgbH7Y5hDVbWsGSZjtwFCs/mysPrvHqmXjzo7568kYWTggxEYxnXw6n0FfkCAEHlt0N90Q==

"@tiptap/extension-table-cell@^2.11.7":
  version "2.11.7"
  resolved "https://registry.yarnpkg.com/@tiptap/extension-table-cell/-/extension-table-cell-2.11.7.tgz#8a9b5d224ef1af1c3ee27b4a343719d9f2be4173"
  integrity sha512-JMOkSYRckc5SJP86yGGiHzCxCR8ecrRENvTWAKib6qer2tutxs5u42W+Z8uTcHC2dRz7Fv54snOkDoqPwkf6cw==

"@tiptap/extension-table-header@^2.11.7":
  version "2.11.7"
  resolved "https://registry.yarnpkg.com/@tiptap/extension-table-header/-/extension-table-header-2.11.7.tgz#2ebfba675e1bd6e545a504fb9d830c0a08d87823"
  integrity sha512-wPRKpliS5QQXgsp//ZjXrHMdLICMkjg2fUrQinOiBa7wDL5C7Y+SehtuK4s2tjeAkyAdj+nepfftyBRIlUSMXg==

"@tiptap/extension-table-row@^2.11.7":
  version "2.11.7"
  resolved "https://registry.yarnpkg.com/@tiptap/extension-table-row/-/extension-table-row-2.11.7.tgz#01ca80eca98043858e422f9e50a481d07ab2f75c"
  integrity sha512-K254RiXWGXGjz5Cm835hqfQiwnYXm8aw6oOa3isDh4A1B+1Ev4DB2vEDKMrgaOor3nbTsSYmAx2iEMrZSbpaRg==

"@tiptap/extension-table@^2.11.7":
  version "2.11.7"
  resolved "https://registry.yarnpkg.com/@tiptap/extension-table/-/extension-table-2.11.7.tgz#4a8e477be809c06b43092de7db96fac6c3739ae8"
  integrity sha512-rfwWkNXz/EZuhc8lylsCWPbx0Xr5FlIhreWFyeoXYrDEO3x4ytYcVOpNmbabJYP2semfM0PvPR5o84zfFkLZyg==

"@tiptap/extension-text-align@^2.11.7":
  version "2.11.7"
  resolved "https://registry.yarnpkg.com/@tiptap/extension-text-align/-/extension-text-align-2.11.7.tgz#a8e7058eae4f31b1741c615c383946fad377e7cd"
  integrity sha512-3M8zd9ROADXazVNpgR6Ejs1evSvBveN36qN4GgV71GqrNlTcjqYgQcXFLQrsd2hnE+aXir8/8bLJ+aaJXDninA==

"@tiptap/extension-text-style@^2.11.7":
  version "2.11.7"
  resolved "https://registry.yarnpkg.com/@tiptap/extension-text-style/-/extension-text-style-2.11.7.tgz#1af9c23ed6154680eac1c0621d1112764c3fafb9"
  integrity sha512-LHO6DBg/9SkCQFdWlVfw9nolUmw+Cid94WkTY+7IwrpyG2+ZGQxnKpCJCKyeaFNbDoYAtvu0vuTsSXeCkgShcA==

"@tiptap/extension-text@^2.11.7":
  version "2.11.7"
  resolved "https://registry.yarnpkg.com/@tiptap/extension-text/-/extension-text-2.11.7.tgz#bbd32763a5db1e6c0ad4239233a9f86e27d15179"
  integrity sha512-wObCn8qZkIFnXTLvBP+X8KgaEvTap/FJ/i4hBMfHBCKPGDx99KiJU6VIbDXG8d5ZcFZE0tOetK1pP5oI7qgMlQ==

"@tiptap/extension-underline@^2.11.7":
  version "2.11.7"
  resolved "https://registry.yarnpkg.com/@tiptap/extension-underline/-/extension-underline-2.11.7.tgz#8354a700d8f2be6ffe862b818f621bf25d1a17a3"
  integrity sha512-NtoQw6PGijOAtXC6G+0Aq0/Z5wwEjPhNHs8nsjXogfWIgaj/aI4/zfBnA06eI3WT+emMYQTl0fTc4CUPnLVU8g==

"@tiptap/pm@^2.11.7":
  version "2.11.7"
  resolved "https://registry.yarnpkg.com/@tiptap/pm/-/pm-2.11.7.tgz#34e1dbe1f27ea978bc740c9144ae8195948609e3"
  integrity sha512-7gEEfz2Q6bYKXM07vzLUD0vqXFhC5geWRA6LCozTiLdVFDdHWiBrvb2rtkL5T7mfLq03zc1QhH7rI3F6VntOEA==
  dependencies:
    prosemirror-changeset "^2.2.1"
    prosemirror-collab "^1.3.1"
    prosemirror-commands "^1.6.2"
    prosemirror-dropcursor "^1.8.1"
    prosemirror-gapcursor "^1.3.2"
    prosemirror-history "^1.4.1"
    prosemirror-inputrules "^1.4.0"
    prosemirror-keymap "^1.2.2"
    prosemirror-markdown "^1.13.1"
    prosemirror-menu "^1.2.4"
    prosemirror-model "^1.23.0"
    prosemirror-schema-basic "^1.2.3"
    prosemirror-schema-list "^1.4.1"
    prosemirror-state "^1.4.3"
    prosemirror-tables "^1.6.4"
    prosemirror-trailing-node "^3.0.0"
    prosemirror-transform "^1.10.2"
    prosemirror-view "^1.37.0"

"@tiptap/starter-kit@^2.11.7":
  version "2.11.7"
  resolved "https://registry.yarnpkg.com/@tiptap/starter-kit/-/starter-kit-2.11.7.tgz#fd7f2c0021d5cd913afe289eb211b196cf509caf"
  integrity sha512-K+q51KwNU/l0kqRuV5e1824yOLVftj6kGplGQLvJG56P7Rb2dPbM/JeaDbxQhnHT/KDGamG0s0Po0M3pPY163A==
  dependencies:
    "@tiptap/core" "^2.11.7"
    "@tiptap/extension-blockquote" "^2.11.7"
    "@tiptap/extension-bold" "^2.11.7"
    "@tiptap/extension-bullet-list" "^2.11.7"
    "@tiptap/extension-code" "^2.11.7"
    "@tiptap/extension-code-block" "^2.11.7"
    "@tiptap/extension-document" "^2.11.7"
    "@tiptap/extension-dropcursor" "^2.11.7"
    "@tiptap/extension-gapcursor" "^2.11.7"
    "@tiptap/extension-hard-break" "^2.11.7"
    "@tiptap/extension-heading" "^2.11.7"
    "@tiptap/extension-history" "^2.11.7"
    "@tiptap/extension-horizontal-rule" "^2.11.7"
    "@tiptap/extension-italic" "^2.11.7"
    "@tiptap/extension-list-item" "^2.11.7"
    "@tiptap/extension-ordered-list" "^2.11.7"
    "@tiptap/extension-paragraph" "^2.11.7"
    "@tiptap/extension-strike" "^2.11.7"
    "@tiptap/extension-text" "^2.11.7"
    "@tiptap/extension-text-style" "^2.11.7"
    "@tiptap/pm" "^2.11.7"

"@types/linkify-it@^5":
  version "5.0.0"
  resolved "https://registry.yarnpkg.com/@types/linkify-it/-/linkify-it-5.0.0.tgz#21413001973106cda1c3a9b91eedd4ccd5469d76"
  integrity sha512-sVDA58zAw4eWAffKOaQH5/5j3XeayukzDk+ewSsnv3p4yJEZHCCzMDiZM8e0OUrRvmpGZ85jf4yDHkHsgBNr9Q==

"@types/markdown-it@^14.0.0":
  version "14.1.2"
  resolved "https://registry.yarnpkg.com/@types/markdown-it/-/markdown-it-14.1.2.tgz#57f2532a0800067d9b934f3521429a2e8bfb4c61"
  integrity sha512-promo4eFwuiW+TfGxhi+0x3czqTYJkG8qB17ZUJiVF10Xm7NLVRSLUsfRTU/6h1e24VvRnXCx+hG7li58lkzog==
  dependencies:
    "@types/linkify-it" "^5"
    "@types/mdurl" "^2"

"@types/mdurl@^2":
  version "2.0.0"
  resolved "https://registry.yarnpkg.com/@types/mdurl/-/mdurl-2.0.0.tgz#d43878b5b20222682163ae6f897b20447233bdfd"
  integrity sha512-RGdgjQUZba5p6QEFAVx2OGb8rQDL/cPRG7GiedRzMcJ1tYnUANBncjbSB1NRGwbvjcPeikRABz2nshyPk1bhWg==

argparse@^2.0.1:
  version "2.0.1"
  resolved "https://registry.yarnpkg.com/argparse/-/argparse-2.0.1.tgz#246f50f3ca78a3240f6c997e8a9bd1eac49e4b38"
  integrity sha512-8+9WqebbFzpX9OR+Wa6O29asIogeRMzcGtAINdpMHHyAg10f05aSFVBbcEqGf/PXw1EjAZ+q2/bEBg3DvurK3Q==

autoprefixer@^10.4.21:
  version "10.4.21"
  resolved "https://registry.yarnpkg.com/autoprefixer/-/autoprefixer-10.4.21.tgz#77189468e7a8ad1d9a37fbc08efc9f480cf0a95d"
  integrity sha512-O+A6LWV5LDHSJD3LjHYoNi4VLsj/Whi7k6zG12xTYaU4cQ8oxQGckXNX8cRHK5yOZ/ppVHe0ZBXGzSV9jXdVbQ==
  dependencies:
    browserslist "^4.24.4"
    caniuse-lite "^1.0.30001702"
    fraction.js "^4.3.7"
    normalize-range "^0.1.2"
    picocolors "^1.1.1"
    postcss-value-parser "^4.2.0"

browserslist@^4.24.4:
  version "4.24.4"
  resolved "https://registry.yarnpkg.com/browserslist/-/browserslist-4.24.4.tgz#c6b2865a3f08bcb860a0e827389003b9fe686e4b"
  integrity sha512-KDi1Ny1gSePi1vm0q4oxSF8b4DR44GF4BbmS2YdhPLOEqd8pDviZOGH/GsmRwoWJ2+5Lr085X7naowMwKHDG1A==
  dependencies:
    caniuse-lite "^1.0.30001688"
    electron-to-chromium "^1.5.73"
    node-releases "^2.0.19"
    update-browserslist-db "^1.1.1"

caniuse-lite@^1.0.30001688, caniuse-lite@^1.0.30001702:
  version "1.0.30001707"
  resolved "https://registry.yarnpkg.com/caniuse-lite/-/caniuse-lite-1.0.30001707.tgz#c5e104d199e6f4355a898fcd995a066c7eb9bf41"
  integrity sha512-3qtRjw/HQSMlDWf+X79N206fepf4SOOU6SQLMaq/0KkZLmSjPxAkBOQQ+FxbHKfHmYLZFfdWsO3KA90ceHPSnw==

crelt@^1.0.0:
  version "1.0.6"
  resolved "https://registry.yarnpkg.com/crelt/-/crelt-1.0.6.tgz#7cc898ea74e190fb6ef9dae57f8f81cf7302df72"
  integrity sha512-VQ2MBenTq1fWZUH9DJNGti7kKv6EeAuYr3cLwxUWhIu1baTaXh4Ib5W2CqHVqib4/MqbYGJqiL3Zb8GJZr3l4g==

electron-to-chromium@^1.5.73:
  version "1.5.129"
  resolved "https://registry.yarnpkg.com/electron-to-chromium/-/electron-to-chromium-1.5.129.tgz#fafa835aea5d15fcd5cbe9bd6bf1cb5d4b3aa06e"
  integrity sha512-JlXUemX4s0+9f8mLqib/bHH8gOHf5elKS6KeWG3sk3xozb/JTq/RLXIv8OKUWiK4Ah00Wm88EFj5PYkFr4RUPA==

entities@^4.4.0:
  version "4.5.0"
  resolved "https://registry.yarnpkg.com/entities/-/entities-4.5.0.tgz#5d268ea5e7113ec74c4d033b79ea5a35a488fb48"
  integrity sha512-V0hjH4dGPh9Ao5p0MoRY6BVqtwCjhz6vI5LT8AJ55H+4g9/4vbHx1I54fS0XuclLhDHArPQCiMjDxjaL8fPxhw==

esbuild-postcss@^0.0.4:
  version "0.0.4"
  resolved "https://registry.yarnpkg.com/esbuild-postcss/-/esbuild-postcss-0.0.4.tgz#8f07b76743abd33d8622263131b75c7dce5e7b9e"
  integrity sha512-CKYibp+aCswskE+gBPnGZ0b9YyuY0n9w2dxyMaoLYEvGTwmjkRj5SV8l1zGJpw8KylqmcMTK0Gr349RnOLd+8A==
  dependencies:
    postcss-load-config "^3.1.0"

esbuild@^0.25.2:
  version "0.25.2"
  resolved "https://registry.yarnpkg.com/esbuild/-/esbuild-0.25.2.tgz#55a1d9ebcb3aa2f95e8bba9e900c1a5061bc168b"
  integrity sha512-16854zccKPnC+toMywC+uKNeYSv+/eXkevRAfwRD/G9Cleq66m8XFIrigkbvauLLlCfDL45Q2cWegSg53gGBnQ==
  optionalDependencies:
    "@esbuild/aix-ppc64" "0.25.2"
    "@esbuild/android-arm" "0.25.2"
    "@esbuild/android-arm64" "0.25.2"
    "@esbuild/android-x64" "0.25.2"
    "@esbuild/darwin-arm64" "0.25.2"
    "@esbuild/darwin-x64" "0.25.2"
    "@esbuild/freebsd-arm64" "0.25.2"
    "@esbuild/freebsd-x64" "0.25.2"
    "@esbuild/linux-arm" "0.25.2"
    "@esbuild/linux-arm64" "0.25.2"
    "@esbuild/linux-ia32" "0.25.2"
    "@esbuild/linux-loong64" "0.25.2"
    "@esbuild/linux-mips64el" "0.25.2"
    "@esbuild/linux-ppc64" "0.25.2"
    "@esbuild/linux-riscv64" "0.25.2"
    "@esbuild/linux-s390x" "0.25.2"
    "@esbuild/linux-x64" "0.25.2"
    "@esbuild/netbsd-arm64" "0.25.2"
    "@esbuild/netbsd-x64" "0.25.2"
    "@esbuild/openbsd-arm64" "0.25.2"
    "@esbuild/openbsd-x64" "0.25.2"
    "@esbuild/sunos-x64" "0.25.2"
    "@esbuild/win32-arm64" "0.25.2"
    "@esbuild/win32-ia32" "0.25.2"
    "@esbuild/win32-x64" "0.25.2"

escalade@^3.2.0:
  version "3.2.0"
  resolved "https://registry.yarnpkg.com/escalade/-/escalade-3.2.0.tgz#011a3f69856ba189dffa7dc8fcce99d2a87903e5"
  integrity sha512-WUj2qlxaQtO4g6Pq5c29GTcWGDyd8itL8zTlipgECz3JesAiiOKotd8JU6otB3PACgG6xkJUyVhboMS+bje/jA==

escape-string-regexp@^4.0.0:
  version "4.0.0"
  resolved "https://registry.yarnpkg.com/escape-string-regexp/-/escape-string-regexp-4.0.0.tgz#14ba83a5d373e3d311e5afca29cf5bfad965bf34"
  integrity sha512-TtpcNJ3XAzx3Gq8sWRzJaVajRs0uVxA2YAkdb1jm2YkPz4G6egUFAyA3n5vtEIZefPk5Wa4UXbKuS5fKkJWdgA==

fraction.js@^4.3.7:
  version "4.3.7"
  resolved "https://registry.yarnpkg.com/fraction.js/-/fraction.js-4.3.7.tgz#06ca0085157e42fda7f9e726e79fefc4068840f7"
  integrity sha512-ZsDfxO51wGAXREY55a7la9LScWpwv9RxIrYABrlvOFBlH/ShPnrtsXeuUIfXKKOVicNxQ+o8JTbJvjS4M89yew==

lilconfig@^2.0.5:
  version "2.1.0"
  resolved "https://registry.yarnpkg.com/lilconfig/-/lilconfig-2.1.0.tgz#78e23ac89ebb7e1bfbf25b18043de756548e7f52"
  integrity sha512-utWOt/GHzuUxnLKxB6dk81RoOeoNeHgbrXiuGk4yyF5qlRz+iIVWu56E2fqGHFrXz0QNUhLB/8nKqvRH66JKGQ==

linkify-it@^5.0.0:
  version "5.0.0"
  resolved "https://registry.yarnpkg.com/linkify-it/-/linkify-it-5.0.0.tgz#9ef238bfa6dc70bd8e7f9572b52d369af569b421"
  integrity sha512-5aHCbzQRADcdP+ATqnDuhhJ/MRIqDkZX5pyjFHRRysS8vZ5AbqGEoFIb6pYHPZ+L/OC2Lc+xT8uHVVR5CAK/wQ==
  dependencies:
    uc.micro "^2.0.0"

linkifyjs@^4.2.0:
  version "4.2.0"
  resolved "https://registry.yarnpkg.com/linkifyjs/-/linkifyjs-4.2.0.tgz#9dd30222b9cbabec9c950e725ec00031c7fa3f08"
  integrity sha512-pCj3PrQyATaoTYKHrgWRF3SJwsm61udVh+vuls/Rl6SptiDhgE7ziUIudAedRY9QEfynmM7/RmLEfPUyw1HPCw==

markdown-it@^14.0.0:
  version "14.1.0"
  resolved "https://registry.yarnpkg.com/markdown-it/-/markdown-it-14.1.0.tgz#3c3c5992883c633db4714ccb4d7b5935d98b7d45"
  integrity sha512-a54IwgWPaeBCAAsv13YgmALOF1elABB08FxO9i+r4VFk5Vl4pKokRPeX8u5TCgSsPi6ec1otfLjdOpVcgbpshg==
  dependencies:
    argparse "^2.0.1"
    entities "^4.4.0"
    linkify-it "^5.0.0"
    mdurl "^2.0.0"
    punycode.js "^2.3.1"
    uc.micro "^2.1.0"

mdurl@^2.0.0:
  version "2.0.0"
  resolved "https://registry.yarnpkg.com/mdurl/-/mdurl-2.0.0.tgz#80676ec0433025dd3e17ee983d0fe8de5a2237e0"
  integrity sha512-Lf+9+2r+Tdp5wXDXC4PcIBjTDtq4UKjCPMQhKIuzpJNW0b96kVqSwW0bT7FhRSfmAiFYgP+SCRvdrDozfh0U5w==

nanoid@^3.3.8:
  version "3.3.11"
  resolved "https://registry.yarnpkg.com/nanoid/-/nanoid-3.3.11.tgz#4f4f112cefbe303202f2199838128936266d185b"
  integrity sha512-N8SpfPUnUp1bK+PMYW8qSWdl9U+wwNWI4QKxOYDy9JAro3WMX7p2OeVRF9v+347pnakNevPmiHhNmZ2HbFA76w==

node-releases@^2.0.19:
  version "2.0.19"
  resolved "https://registry.yarnpkg.com/node-releases/-/node-releases-2.0.19.tgz#9e445a52950951ec4d177d843af370b411caf314"
  integrity sha512-xxOWJsBKtzAq7DY0J+DTzuz58K8e7sJbdgwkbMWQe8UYB6ekmsQ45q0M/tJDsGaZmbC+l7n57UV8Hl5tHxO9uw==

normalize-range@^0.1.2:
  version "0.1.2"
  resolved "https://registry.yarnpkg.com/normalize-range/-/normalize-range-0.1.2.tgz#2d10c06bdfd312ea9777695a4d28439456b75942"
  integrity sha512-bdok/XvKII3nUpklnV6P2hxtMNrCboOjAcyBuQnWEhO665FwrSNRxU+AqpsyvO6LgGYPspN+lu5CLtw4jPRKNA==

orderedmap@^2.0.0:
  version "2.1.1"
  resolved "https://registry.yarnpkg.com/orderedmap/-/orderedmap-2.1.1.tgz#61481269c44031c449915497bf5a4ad273c512d2"
  integrity sha512-TvAWxi0nDe1j/rtMcWcIj94+Ffe6n7zhow33h40SKxmsmozs6dz/e+EajymfoFcHd7sxNn8yHM8839uixMOV6g==

picocolors@^1.1.1:
  version "1.1.1"
  resolved "https://registry.yarnpkg.com/picocolors/-/picocolors-1.1.1.tgz#3d321af3eab939b083c8f929a1d12cda81c26b6b"
  integrity sha512-xceH2snhtb5M9liqDsmEw56le376mTZkEX/jEb/RxNFyegNul7eNslCXP9FDj/Lcu0X8KEyMceP2ntpaHrDEVA==

postcss-load-config@^3.1.0:
  version "3.1.4"
  resolved "https://registry.yarnpkg.com/postcss-load-config/-/postcss-load-config-3.1.4.tgz#1ab2571faf84bb078877e1d07905eabe9ebda855"
  integrity sha512-6DiM4E7v4coTE4uzA8U//WhtPwyhiim3eyjEMFCnUpzbrkK9wJHgKDT2mR+HbtSrd/NubVaYTOpSpjUl8NQeRg==
  dependencies:
    lilconfig "^2.0.5"
    yaml "^1.10.2"

postcss-value-parser@^4.2.0:
  version "4.2.0"
  resolved "https://registry.yarnpkg.com/postcss-value-parser/-/postcss-value-parser-4.2.0.tgz#723c09920836ba6d3e5af019f92bc0971c02e514"
  integrity sha512-1NNCs6uurfkVbeXG4S8JFT9t19m45ICnif8zWLd5oPSZ50QnwMfK+H3jv408d4jw/7Bttv5axS5IiHoLaVNHeQ==

postcss@^8.5.3:
  version "8.5.3"
  resolved "https://registry.yarnpkg.com/postcss/-/postcss-8.5.3.tgz#1463b6f1c7fb16fe258736cba29a2de35237eafb"
  integrity sha512-dle9A3yYxlBSrt8Fu+IpjGT8SY8hN0mlaA6GY8t0P5PjIOZemULz/E2Bnm/2dcUOena75OTNkHI76uZBNUUq3A==
  dependencies:
    nanoid "^3.3.8"
    picocolors "^1.1.1"
    source-map-js "^1.2.1"

prosemirror-changeset@^2.2.1:
  version "2.2.1"
  resolved "https://registry.yarnpkg.com/prosemirror-changeset/-/prosemirror-changeset-2.2.1.tgz#dae94b63aec618fac7bb9061648e6e2a79988383"
  integrity sha512-J7msc6wbxB4ekDFj+n9gTW/jav/p53kdlivvuppHsrZXCaQdVgRghoZbSS3kwrRyAstRVQ4/+u5k7YfLgkkQvQ==
  dependencies:
    prosemirror-transform "^1.0.0"

prosemirror-collab@^1.3.1:
  version "1.3.1"
  resolved "https://registry.yarnpkg.com/prosemirror-collab/-/prosemirror-collab-1.3.1.tgz#0e8c91e76e009b53457eb3b3051fb68dad029a33"
  integrity sha512-4SnynYR9TTYaQVXd/ieUvsVV4PDMBzrq2xPUWutHivDuOshZXqQ5rGbZM84HEaXKbLdItse7weMGOUdDVcLKEQ==
  dependencies:
    prosemirror-state "^1.0.0"

prosemirror-commands@^1.0.0, prosemirror-commands@^1.6.2:
  version "1.7.0"
  resolved "https://registry.yarnpkg.com/prosemirror-commands/-/prosemirror-commands-1.7.0.tgz#c0a60c808f51157caa146922494fc59fe257f27c"
  integrity sha512-6toodS4R/Aah5pdsrIwnTYPEjW70SlO5a66oo5Kk+CIrgJz3ukOoS+FYDGqvQlAX5PxoGWDX1oD++tn5X3pyRA==
  dependencies:
    prosemirror-model "^1.0.0"
    prosemirror-state "^1.0.0"
    prosemirror-transform "^1.10.2"

prosemirror-dropcursor@^1.8.1:
  version "1.8.1"
  resolved "https://registry.yarnpkg.com/prosemirror-dropcursor/-/prosemirror-dropcursor-1.8.1.tgz#49b9fb2f583e0d0f4021ff87db825faa2be2832d"
  integrity sha512-M30WJdJZLyXHi3N8vxN6Zh5O8ZBbQCz0gURTfPmTIBNQ5pxrdU7A58QkNqfa98YEjSAL1HUyyU34f6Pm5xBSGw==
  dependencies:
    prosemirror-state "^1.0.0"
    prosemirror-transform "^1.1.0"
    prosemirror-view "^1.1.0"

prosemirror-gapcursor@^1.3.2:
  version "1.3.2"
  resolved "https://registry.yarnpkg.com/prosemirror-gapcursor/-/prosemirror-gapcursor-1.3.2.tgz#5fa336b83789c6199a7341c9493587e249215cb4"
  integrity sha512-wtjswVBd2vaQRrnYZaBCbyDqr232Ed4p2QPtRIUK5FuqHYKGWkEwl08oQM4Tw7DOR0FsasARV5uJFvMZWxdNxQ==
  dependencies:
    prosemirror-keymap "^1.0.0"
    prosemirror-model "^1.0.0"
    prosemirror-state "^1.0.0"
    prosemirror-view "^1.0.0"

prosemirror-history@^1.0.0, prosemirror-history@^1.4.1:
  version "1.4.1"
  resolved "https://registry.yarnpkg.com/prosemirror-history/-/prosemirror-history-1.4.1.tgz#cc370a46fb629e83a33946a0e12612e934ab8b98"
  integrity sha512-2JZD8z2JviJrboD9cPuX/Sv/1ChFng+xh2tChQ2X4bB2HeK+rra/bmJ3xGntCcjhOqIzSDG6Id7e8RJ9QPXLEQ==
  dependencies:
    prosemirror-state "^1.2.2"
    prosemirror-transform "^1.0.0"
    prosemirror-view "^1.31.0"
    rope-sequence "^1.3.0"

prosemirror-inputrules@^1.4.0:
  version "1.5.0"
  resolved "https://registry.yarnpkg.com/prosemirror-inputrules/-/prosemirror-inputrules-1.5.0.tgz#e22bfaf1d6ea4fe240ad447c184af3d520d43c37"
  integrity sha512-K0xJRCmt+uSw7xesnHmcn72yBGTbY45vm8gXI4LZXbx2Z0jwh5aF9xrGQgrVPu0WbyFVFF3E/o9VhJYz6SQWnA==
  dependencies:
    prosemirror-state "^1.0.0"
    prosemirror-transform "^1.0.0"

prosemirror-keymap@^1.0.0, prosemirror-keymap@^1.2.2:
  version "1.2.2"
  resolved "https://registry.yarnpkg.com/prosemirror-keymap/-/prosemirror-keymap-1.2.2.tgz#14a54763a29c7b2704f561088ccf3384d14eb77e"
  integrity sha512-EAlXoksqC6Vbocqc0GtzCruZEzYgrn+iiGnNjsJsH4mrnIGex4qbLdWWNza3AW5W36ZRrlBID0eM6bdKH4OStQ==
  dependencies:
    prosemirror-state "^1.0.0"
    w3c-keyname "^2.2.0"

prosemirror-markdown@^1.13.1:
  version "1.13.2"
  resolved "https://registry.yarnpkg.com/prosemirror-markdown/-/prosemirror-markdown-1.13.2.tgz#863eb3fd5f57a444e4378174622b562735b1c503"
  integrity sha512-FPD9rHPdA9fqzNmIIDhhnYQ6WgNoSWX9StUZ8LEKapaXU9i6XgykaHKhp6XMyXlOWetmaFgGDS/nu/w9/vUc5g==
  dependencies:
    "@types/markdown-it" "^14.0.0"
    markdown-it "^14.0.0"
    prosemirror-model "^1.25.0"

prosemirror-menu@^1.2.4:
  version "1.2.4"
  resolved "https://registry.yarnpkg.com/prosemirror-menu/-/prosemirror-menu-1.2.4.tgz#3cfdc7c06d10f9fbd1bce29082c498bd11a0a79a"
  integrity sha512-S/bXlc0ODQup6aiBbWVsX/eM+xJgCTAfMq/nLqaO5ID/am4wS0tTCIkzwytmao7ypEtjj39i7YbJjAgO20mIqA==
  dependencies:
    crelt "^1.0.0"
    prosemirror-commands "^1.0.0"
    prosemirror-history "^1.0.0"
    prosemirror-state "^1.0.0"

prosemirror-model@^1.0.0, prosemirror-model@^1.20.0, prosemirror-model@^1.21.0, prosemirror-model@^1.23.0, prosemirror-model@^1.24.1, prosemirror-model@^1.25.0:
  version "1.25.0"
  resolved "https://registry.yarnpkg.com/prosemirror-model/-/prosemirror-model-1.25.0.tgz#c147113edc0718a14f03881e4c20367d0221f7af"
  integrity sha512-/8XUmxWf0pkj2BmtqZHYJipTBMHIdVjuvFzMvEoxrtyGNmfvdhBiRwYt/eFwy2wA9DtBW3RLqvZnjurEkHaFCw==
  dependencies:
    orderedmap "^2.0.0"

prosemirror-schema-basic@^1.2.3:
  version "1.2.4"
  resolved "https://registry.yarnpkg.com/prosemirror-schema-basic/-/prosemirror-schema-basic-1.2.4.tgz#389ce1ec09b8a30ea9bbb92c58569cb690c2d695"
  integrity sha512-ELxP4TlX3yr2v5rM7Sb70SqStq5NvI15c0j9j/gjsrO5vaw+fnnpovCLEGIcpeGfifkuqJwl4fon6b+KdrODYQ==
  dependencies:
    prosemirror-model "^1.25.0"

prosemirror-schema-list@^1.4.1:
  version "1.5.1"
  resolved "https://registry.yarnpkg.com/prosemirror-schema-list/-/prosemirror-schema-list-1.5.1.tgz#5869c8f749e8745c394548bb11820b0feb1e32f5"
  integrity sha512-927lFx/uwyQaGwJxLWCZRkjXG0p48KpMj6ueoYiu4JX05GGuGcgzAy62dfiV8eFZftgyBUvLx76RsMe20fJl+Q==
  dependencies:
    prosemirror-model "^1.0.0"
    prosemirror-state "^1.0.0"
    prosemirror-transform "^1.7.3"

prosemirror-state@^1.0.0, prosemirror-state@^1.2.2, prosemirror-state@^1.4.3:
  version "1.4.3"
  resolved "https://registry.yarnpkg.com/prosemirror-state/-/prosemirror-state-1.4.3.tgz#94aecf3ffd54ec37e87aa7179d13508da181a080"
  integrity sha512-goFKORVbvPuAQaXhpbemJFRKJ2aixr+AZMGiquiqKxaucC6hlpHNZHWgz5R7dS4roHiwq9vDctE//CZ++o0W1Q==
  dependencies:
    prosemirror-model "^1.0.0"
    prosemirror-transform "^1.0.0"
    prosemirror-view "^1.27.0"

prosemirror-tables@^1.6.4:
  version "1.6.4"
  resolved "https://registry.yarnpkg.com/prosemirror-tables/-/prosemirror-tables-1.6.4.tgz#e36ebca70d9e398c4a3b99b122ba86bfc985293d"
  integrity sha512-TkDY3Gw52gRFRfRn2f4wJv5WOgAOXLJA2CQJYIJ5+kdFbfj3acR4JUW6LX2e1hiEBiUwvEhzH5a3cZ5YSztpIA==
  dependencies:
    prosemirror-keymap "^1.2.2"
    prosemirror-model "^1.24.1"
    prosemirror-state "^1.4.3"
    prosemirror-transform "^1.10.2"
    prosemirror-view "^1.37.2"

prosemirror-trailing-node@^3.0.0:
  version "3.0.0"
  resolved "https://registry.yarnpkg.com/prosemirror-trailing-node/-/prosemirror-trailing-node-3.0.0.tgz#5bc223d4fc1e8d9145e4079ec77a932b54e19e04"
  integrity sha512-xiun5/3q0w5eRnGYfNlW1uU9W6x5MoFKWwq/0TIRgt09lv7Hcser2QYV8t4muXbEr+Fwo0geYn79Xs4GKywrRQ==
  dependencies:
    "@remirror/core-constants" "3.0.0"
    escape-string-regexp "^4.0.0"

prosemirror-transform@^1.0.0, prosemirror-transform@^1.1.0, prosemirror-transform@^1.10.2, prosemirror-transform@^1.7.3:
  version "1.10.3"
  resolved "https://registry.yarnpkg.com/prosemirror-transform/-/prosemirror-transform-1.10.3.tgz#fae660bd7ffef3159aff44bc21e9e044aa31b67d"
  integrity sha512-Nhh/+1kZGRINbEHmVu39oynhcap4hWTs/BlU7NnxWj3+l0qi8I1mu67v6mMdEe/ltD8hHvU4FV6PHiCw2VSpMw==
  dependencies:
    prosemirror-model "^1.21.0"

prosemirror-view@^1.0.0, prosemirror-view@^1.1.0, prosemirror-view@^1.27.0, prosemirror-view@^1.31.0, prosemirror-view@^1.37.0, prosemirror-view@^1.37.2:
  version "1.38.1"
  resolved "https://registry.yarnpkg.com/prosemirror-view/-/prosemirror-view-1.38.1.tgz#566d30cc8b00a68d6b4c60f5d8a6ab97c82990b3"
  integrity sha512-4FH/uM1A4PNyrxXbD+RAbAsf0d/mM0D/wAKSVVWK7o0A9Q/oOXJBrw786mBf2Vnrs/Edly6dH6Z2gsb7zWwaUw==
  dependencies:
    prosemirror-model "^1.20.0"
    prosemirror-state "^1.0.0"
    prosemirror-transform "^1.1.0"

punycode.js@^2.3.1:
  version "2.3.1"
  resolved "https://registry.yarnpkg.com/punycode.js/-/punycode.js-2.3.1.tgz#6b53e56ad75588234e79f4affa90972c7dd8cdb7"
  integrity sha512-uxFIHU0YlHYhDQtV4R9J6a52SLx28BCjT+4ieh7IGbgwVJWO+km431c4yRlREUAsAmt/uMjQUyQHNEPf0M39CA==

rope-sequence@^1.3.0:
  version "1.3.4"
  resolved "https://registry.yarnpkg.com/rope-sequence/-/rope-sequence-1.3.4.tgz#df85711aaecd32f1e756f76e43a415171235d425"
  integrity sha512-UT5EDe2cu2E/6O4igUr5PSFs23nvvukicWHx6GnOPlHAiiYbzNuCRQCuiUdHJQcqKalLKlrYJnjY0ySGsXNQXQ==

source-map-js@^1.2.1:
  version "1.2.1"
  resolved "https://registry.yarnpkg.com/source-map-js/-/source-map-js-1.2.1.tgz#1ce5650fddd87abc099eda37dcff024c2667ae46"
  integrity sha512-UXWMKhLOwVKb728IUtQPXxfYU+usdybtUrK/8uGE8CQMvrhOpwvzDBwj0QhSL7MQc7vIsISBG8VQ8+IDQxpfQA==

uc.micro@^2.0.0, uc.micro@^2.1.0:
  version "2.1.0"
  resolved "https://registry.yarnpkg.com/uc.micro/-/uc.micro-2.1.0.tgz#f8d3f7d0ec4c3dea35a7e3c8efa4cb8b45c9e7ee"
  integrity sha512-ARDJmphmdvUk6Glw7y9DQ2bFkKBHwQHLi2lsaH6PPmz/Ka9sFOBsBluozhDltWmnv9u/cF6Rt87znRTPV+yp/A==

update-browserslist-db@^1.1.1:
  version "1.1.3"
  resolved "https://registry.yarnpkg.com/update-browserslist-db/-/update-browserslist-db-1.1.3.tgz#348377dd245216f9e7060ff50b15a1b740b75420"
  integrity sha512-UxhIZQ+QInVdunkDAaiazvvT/+fXL5Osr0JZlJulepYu6Jd7qJtDZjlur0emRlT71EN3ScPoE7gvsuIKKNavKw==
  dependencies:
    escalade "^3.2.0"
    picocolors "^1.1.1"

w3c-keyname@^2.2.0:
  version "2.2.8"
  resolved "https://registry.yarnpkg.com/w3c-keyname/-/w3c-keyname-2.2.8.tgz#7b17c8c6883d4e8b86ac8aba79d39e880f8869c5"
  integrity sha512-dpojBhNsCNN7T82Tm7k26A6G9ML3NkhDsnw9n/eoxSRlVBB4CEtIQ/KTCLI2Fwf3ataSXRhYFkQi3SlnFwPvPQ==

yaml@^1.10.2:
  version "1.10.2"
  resolved "https://registry.yarnpkg.com/yaml/-/yaml-1.10.2.tgz#2301c5ffbf12b467de8da2333a459e29e7920e4b"
  integrity sha512-r3vXyErRCYJ7wg28yvBY5VSoAF8ZvlcW9/BwUzEtUsjvX/DKs24dIkuwjtuprwJJHsbyUbLApepYTR1BN4uHrg==
