# THIS IS AN AUTOGENERATED FILE. DO NOT EDIT THIS FILE DIRECTLY.
# yarn lockfile v1


"@ast-grep/napi-darwin-arm64@0.37.0":
  version "0.37.0"
  resolved "https://registry.yarnpkg.com/@ast-grep/napi-darwin-arm64/-/napi-darwin-arm64-0.37.0.tgz#5cca85937dbe9a75b7e89ddc0cea595111e2d13d"
  integrity sha512-QAiIiaAbLvMEg/yBbyKn+p1gX2/FuaC0SMf7D7capm/oG4xGMzdeaQIcSosF4TCxxV+hIH4Bz9e4/u7w6Bnk3Q==

"@ast-grep/napi-darwin-x64@0.37.0":
  version "0.37.0"
  resolved "https://registry.yarnpkg.com/@ast-grep/napi-darwin-x64/-/napi-darwin-x64-0.37.0.tgz#433c19fb2584c81b2e04b1900430b7b547908319"
  integrity sha512-zvcvdgekd4ySV3zUbUp8HF5nk5zqwiMXTuVzTUdl/w08O7JjM6XPOIVT+d2o/MqwM9rsXdzdergY5oY2RdhSPA==

"@ast-grep/napi-linux-arm64-gnu@0.37.0":
  version "0.37.0"
  resolved "https://registry.yarnpkg.com/@ast-grep/napi-linux-arm64-gnu/-/napi-linux-arm64-gnu-0.37.0.tgz#2d7ea5cb97560cb704ff4e73daf5b372335387bf"
  integrity sha512-L7Sj0lXy8X+BqSMgr1LB8cCoWk0rericdeu+dC8/c8zpsav5Oo2IQKY1PmiZ7H8IHoFBbURLf8iklY9wsD+cyA==

"@ast-grep/napi-linux-arm64-musl@0.37.0":
  version "0.37.0"
  resolved "https://registry.yarnpkg.com/@ast-grep/napi-linux-arm64-musl/-/napi-linux-arm64-musl-0.37.0.tgz#dc35c759c71f9a3431b6d3764ce50074a6071bef"
  integrity sha512-LF9sAvYy6es/OdyJDO3RwkX3I82Vkfsng1sqUBcoWC1jVb1wX5YVzHtpQox9JrEhGl+bNp7FYxB4Qba9OdA5GA==

"@ast-grep/napi-linux-x64-gnu@0.37.0":
  version "0.37.0"
  resolved "https://registry.yarnpkg.com/@ast-grep/napi-linux-x64-gnu/-/napi-linux-x64-gnu-0.37.0.tgz#60957578911620da24f62b4f10c920290f0e5bf5"
  integrity sha512-TViz5/klqre6aSmJzswEIjApnGjJzstG/SE8VDWsrftMBMYt2PTu3MeluZVwzSqDao8doT/P+6U11dU05UOgxw==

"@ast-grep/napi-linux-x64-musl@0.37.0":
  version "0.37.0"
  resolved "https://registry.yarnpkg.com/@ast-grep/napi-linux-x64-musl/-/napi-linux-x64-musl-0.37.0.tgz#58f3d2b7461d23b4a998e8122e58705c555fc887"
  integrity sha512-/BcCH33S9E3ovOAEoxYngUNXgb+JLg991sdyiNP2bSoYd30a9RHrG7CYwW6fMgua3ijQ474eV6cq9yZO1bCpXg==

"@ast-grep/napi-win32-arm64-msvc@0.37.0":
  version "0.37.0"
  resolved "https://registry.yarnpkg.com/@ast-grep/napi-win32-arm64-msvc/-/napi-win32-arm64-msvc-0.37.0.tgz#15f330e317c017acb2d4b7862fe3c2b8c96eea15"
  integrity sha512-TjQA4cFoIEW2bgjLkaL9yqT4XWuuLa5MCNd0VCDhGRDMNQ9+rhwi9eLOWRaap3xzT7g+nlbcEHL3AkVCD2+b3A==

"@ast-grep/napi-win32-ia32-msvc@0.37.0":
  version "0.37.0"
  resolved "https://registry.yarnpkg.com/@ast-grep/napi-win32-ia32-msvc/-/napi-win32-ia32-msvc-0.37.0.tgz#2fa6802f79c627e59cdd6363f171917b624690f6"
  integrity sha512-uNmVka8fJCdYsyOlF9aZqQMLTatEYBynjChVTzUfFMDfmZ0bihs/YTqJVbkSm8TZM7CUX82apvn50z/dX5iWRA==

"@ast-grep/napi-win32-x64-msvc@0.37.0":
  version "0.37.0"
  resolved "https://registry.yarnpkg.com/@ast-grep/napi-win32-x64-msvc/-/napi-win32-x64-msvc-0.37.0.tgz#66007757f0831e36f5576839999fbd265210ed64"
  integrity sha512-vCiFOT3hSCQuHHfZ933GAwnPzmL0G04JxQEsBRfqONywyT8bSdDc/ECpAfr3S9VcS4JZ9/F6tkePKW/Om2Dq2g==

"@ast-grep/napi@0.37.0":
  version "0.37.0"
  resolved "https://registry.yarnpkg.com/@ast-grep/napi/-/napi-0.37.0.tgz#e6a4806dfbbe570f4742fd9d048bdcc87328b29e"
  integrity sha512-Hb4o6h1Pf6yRUAX07DR4JVY7dmQw+RVQMW5/m55GoiAT/VRoKCWBtIUPPOnqDVhbx1Cjfil9b6EDrgJsUAujEQ==
  optionalDependencies:
    "@ast-grep/napi-darwin-arm64" "0.37.0"
    "@ast-grep/napi-darwin-x64" "0.37.0"
    "@ast-grep/napi-linux-arm64-gnu" "0.37.0"
    "@ast-grep/napi-linux-arm64-musl" "0.37.0"
    "@ast-grep/napi-linux-x64-gnu" "0.37.0"
    "@ast-grep/napi-linux-x64-musl" "0.37.0"
    "@ast-grep/napi-win32-arm64-msvc" "0.37.0"
    "@ast-grep/napi-win32-ia32-msvc" "0.37.0"
    "@ast-grep/napi-win32-x64-msvc" "0.37.0"

"@emnapi/core@^1.4.3":
  version "1.4.3"
  resolved "https://registry.yarnpkg.com/@emnapi/core/-/core-1.4.3.tgz#9ac52d2d5aea958f67e52c40a065f51de59b77d6"
  integrity sha512-4m62DuCE07lw01soJwPiBGC0nAww0Q+RY70VZ+n49yDIO13yyinhbWCeNnaob0lakDtWQzSdtNWzJeOJt2ma+g==
  dependencies:
    "@emnapi/wasi-threads" "1.0.2"
    tslib "^2.4.0"

"@emnapi/runtime@^1.4.3":
  version "1.4.3"
  resolved "https://registry.yarnpkg.com/@emnapi/runtime/-/runtime-1.4.3.tgz#c0564665c80dc81c448adac23f9dfbed6c838f7d"
  integrity sha512-pBPWdu6MLKROBX05wSNKcNb++m5Er+KQ9QkB+WVM+pW2Kx9hoSrVTnu3BdkI5eBLZoKu/J6mW/B6i6bJB2ytXQ==
  dependencies:
    tslib "^2.4.0"

"@emnapi/wasi-threads@1.0.2":
  version "1.0.2"
  resolved "https://registry.yarnpkg.com/@emnapi/wasi-threads/-/wasi-threads-1.0.2.tgz#977f44f844eac7d6c138a415a123818c655f874c"
  integrity sha512-5n3nTJblwRi8LlXkJ9eBzu+kZR8Yxcc7ubakyQTFzPMtIhFpUBRbsnc2Dv88IZDIbCDlBiWrknhB4Lsz7mg6BA==
  dependencies:
    tslib "^2.4.0"

"@jridgewell/sourcemap-codec@^1.5.0":
  version "1.5.0"
  resolved "https://registry.yarnpkg.com/@jridgewell/sourcemap-codec/-/sourcemap-codec-1.5.0.tgz#3188bcb273a414b0d215fd22a58540b989b9409a"
  integrity sha512-gv3ZRaISU3fjPAgNsriBRqGWQL6quFx04YMPW/zD8XMLsU32mhCCbfbO6KZFLjvYpCZ8zyDEgqsgf+PwPaM7GQ==

"@module-federation/error-codes@0.15.0":
  version "0.15.0"
  resolved "https://registry.yarnpkg.com/@module-federation/error-codes/-/error-codes-0.15.0.tgz#1e3ae45186a4034d806875cc61dd721b3826f462"
  integrity sha512-CFJSF+XKwTcy0PFZ2l/fSUpR4z247+Uwzp1sXVkdIfJ/ATsnqf0Q01f51qqSEA6MYdQi6FKos9FIcu3dCpQNdg==

"@module-federation/runtime-core@0.15.0":
  version "0.15.0"
  resolved "https://registry.yarnpkg.com/@module-federation/runtime-core/-/runtime-core-0.15.0.tgz#353113beee4fc50aeb85c1214202214a995ac4b4"
  integrity sha512-RYzI61fRDrhyhaEOXH3AgIGlHiot0wPFXu7F43cr+ZnTi+VlSYWLdlZ4NBuT9uV6JSmH54/c+tEZm5SXgKR2sQ==
  dependencies:
    "@module-federation/error-codes" "0.15.0"
    "@module-federation/sdk" "0.15.0"

"@module-federation/runtime-tools@0.15.0":
  version "0.15.0"
  resolved "https://registry.yarnpkg.com/@module-federation/runtime-tools/-/runtime-tools-0.15.0.tgz#b84bd87f7722e572438c06f3ce3f244ada287234"
  integrity sha512-kzFn3ObUeBp5vaEtN1WMxhTYBuYEErxugu1RzFUERD21X3BZ+b4cWwdFJuBDlsmVjctIg/QSOoZoPXRKAO0foA==
  dependencies:
    "@module-federation/runtime" "0.15.0"
    "@module-federation/webpack-bundler-runtime" "0.15.0"

"@module-federation/runtime@0.15.0":
  version "0.15.0"
  resolved "https://registry.yarnpkg.com/@module-federation/runtime/-/runtime-0.15.0.tgz#8ea3fd190211f78e95f5a7b32f0ed3a428c2ea91"
  integrity sha512-dTPsCNum9Bhu3yPOcrPYq0YnM9eCMMMNB1wuiqf1+sFbQlNApF0vfZxooqz3ln0/MpgE0jerVvFsLVGfqvC9Ug==
  dependencies:
    "@module-federation/error-codes" "0.15.0"
    "@module-federation/runtime-core" "0.15.0"
    "@module-federation/sdk" "0.15.0"

"@module-federation/sdk@0.15.0":
  version "0.15.0"
  resolved "https://registry.yarnpkg.com/@module-federation/sdk/-/sdk-0.15.0.tgz#31e0b1e443e9e5761345e298ba5e49eab273e51d"
  integrity sha512-PWiYbGcJrKUD6JZiEPihrXhV3bgXdll4bV7rU+opV7tHaun+Z0CdcawjZ82Xnpb8MCPGmqHwa1MPFeUs66zksw==

"@module-federation/webpack-bundler-runtime@0.15.0":
  version "0.15.0"
  resolved "https://registry.yarnpkg.com/@module-federation/webpack-bundler-runtime/-/webpack-bundler-runtime-0.15.0.tgz#50d8d863e310f53829e4c5cf8bd41ef94e682ff1"
  integrity sha512-i+3wu2Ljh2TmuUpsnjwZVupOVqV50jP0ndA8PSP4gwMKlgdGeaZ4VH5KkHAXGr2eiYUxYLMrJXz1+eILJqeGDg==
  dependencies:
    "@module-federation/runtime" "0.15.0"
    "@module-federation/sdk" "0.15.0"

"@napi-rs/wasm-runtime@^0.2.11":
  version "0.2.11"
  resolved "https://registry.yarnpkg.com/@napi-rs/wasm-runtime/-/wasm-runtime-0.2.11.tgz#192c1610e1625048089ab4e35bc0649ce478500e"
  integrity sha512-9DPkXtvHydrcOsopiYpUgPHpmj0HWZKMUnL2dZqpvC42lsratuBG06V5ipyno0fUek5VlFsNQ+AcFATSrJXgMA==
  dependencies:
    "@emnapi/core" "^1.4.3"
    "@emnapi/runtime" "^1.4.3"
    "@tybys/wasm-util" "^0.9.0"

"@remirror/core-constants@3.0.0":
  version "3.0.0"
  resolved "https://registry.yarnpkg.com/@remirror/core-constants/-/core-constants-3.0.0.tgz#96fdb89d25c62e7b6a5d08caf0ce5114370e3b8f"
  integrity sha512-42aWfPrimMfDKDi4YegyS7x+/0tlzaqwPQCULLanv3DMIlu96KTJR0fM5isWX2UViOqlGnX6YFgqWepcX+XMNg==

"@rsbuild/core@~1.4.0":
  version "1.4.2"
  resolved "https://registry.yarnpkg.com/@rsbuild/core/-/core-1.4.2.tgz#77a9b2dba6f666f175fae27e825d2b153170cad8"
  integrity sha512-46rcBPYz2kIdDQ1en40yDRT7ZGOKUB0+NqeOAvMAg4DU7TCfgK1qJdmznVasagTWKN9RjjzNpy5encS6W7gUOQ==
  dependencies:
    "@rspack/core" "1.4.1"
    "@rspack/lite-tapable" "~1.0.1"
    "@swc/helpers" "^0.5.17"
    core-js "~3.43.0"
    jiti "^2.4.2"

"@rslib/core@^0.10.4":
  version "0.10.4"
  resolved "https://registry.yarnpkg.com/@rslib/core/-/core-0.10.4.tgz#b8a20810d7e07538d9146c370c69e9fcc128627d"
  integrity sha512-/+cVo+orheZZyyALwyrOvYIRmd7dPKOrP4kfKQrr8VHwJlHS1975iW7/pSesmKT44Jv+wjmTWc5JZbjzCS5K0w==
  dependencies:
    "@rsbuild/core" "~1.4.0"
    rsbuild-plugin-dts "0.10.4"
    tinyglobby "^0.2.14"

"@rspack/binding-darwin-arm64@1.4.1":
  version "1.4.1"
  resolved "https://registry.yarnpkg.com/@rspack/binding-darwin-arm64/-/binding-darwin-arm64-1.4.1.tgz#3f058572763acc074cf73e76bb1861e734603375"
  integrity sha512-enh5DYbpaexdEmjbcxj3BJDauP3w+20jFKWvKROtAQV350PUw0bf2b4WOgngIH9hBzlfjpXNYAk6T5AhVAlY3Q==

"@rspack/binding-darwin-x64@1.4.1":
  version "1.4.1"
  resolved "https://registry.yarnpkg.com/@rspack/binding-darwin-x64/-/binding-darwin-x64-1.4.1.tgz#c67b230de535e021c458ae5423000efa476c69d8"
  integrity sha512-KoehyhBji4TLXhn4mqOUw6xsQNRzNVA9XcCm1Jx+M1Qb0dhMTNfduvBSyXuRV5+/QaRbk7+4UJbyRNFUtt96kA==

"@rspack/binding-linux-arm64-gnu@1.4.1":
  version "1.4.1"
  resolved "https://registry.yarnpkg.com/@rspack/binding-linux-arm64-gnu/-/binding-linux-arm64-gnu-1.4.1.tgz#38ea7ec9a24cfe9591d003385f1c6db54cddaa81"
  integrity sha512-PJ5cHqvrj1bK7jH5DVrdKoR8Fy+p6l9baxXajq/6xWTxP+4YTdEtLsRZnpLMS1Ho2RRpkxDWJn+gdlKuleNioQ==

"@rspack/binding-linux-arm64-musl@1.4.1":
  version "1.4.1"
  resolved "https://registry.yarnpkg.com/@rspack/binding-linux-arm64-musl/-/binding-linux-arm64-musl-1.4.1.tgz#d0df436c1c61806b99e0d0662cfa34330aca8431"
  integrity sha512-cpDz+z3FwVQfK6VYfXQEb0ym6fFIVmvK4y3R/2VAbVGWYVxZB5I6AcSdOWdDnpppHmcHpf+qQFlwhHvbpMMJNQ==

"@rspack/binding-linux-x64-gnu@1.4.1":
  version "1.4.1"
  resolved "https://registry.yarnpkg.com/@rspack/binding-linux-x64-gnu/-/binding-linux-x64-gnu-1.4.1.tgz#5b8de164fbb68f966d5c5309f76261b60a9e4776"
  integrity sha512-jjTx53CpiYWK7fAv5qS8xHEytFK6gLfZRk+0kt2YII6uqez/xQ3SRcboreH8XbJcBoxINBzMNMf5/SeMBZ939A==

"@rspack/binding-linux-x64-musl@1.4.1":
  version "1.4.1"
  resolved "https://registry.yarnpkg.com/@rspack/binding-linux-x64-musl/-/binding-linux-x64-musl-1.4.1.tgz#5921bda4da67930bea80ea1fe366ba76092477c7"
  integrity sha512-FAyR3Og81Smtr/CnsuTiW4ZCYAPCqeV73lzMKZ9xdVUgM9324ryEgqgX38GZLB5Mo7cvQhv7/fpMeHQo16XQCw==

"@rspack/binding-wasm32-wasi@1.4.1":
  version "1.4.1"
  resolved "https://registry.yarnpkg.com/@rspack/binding-wasm32-wasi/-/binding-wasm32-wasi-1.4.1.tgz#af829e67dc01fa205a8dd4709cf973bad8492259"
  integrity sha512-3Q1VICIQP4GsaTJEmmwfowQ48NvhlL0CKH88l5+mbji2rBkGx7yR67pPdfCVNjXcCtFoemTYw98eaumJTjC++g==
  dependencies:
    "@napi-rs/wasm-runtime" "^0.2.11"

"@rspack/binding-win32-arm64-msvc@1.4.1":
  version "1.4.1"
  resolved "https://registry.yarnpkg.com/@rspack/binding-win32-arm64-msvc/-/binding-win32-arm64-msvc-1.4.1.tgz#b4bdf14a00f33836b84dc659976eee89bed073c4"
  integrity sha512-DdLPOy1J98kn45uEhiEqlBKgMvet+AxOzX2OcrnU0wQXthGM9gty1YXYNryOhlK+X+eOcwcP3GbnDOAKi8nKqw==

"@rspack/binding-win32-ia32-msvc@1.4.1":
  version "1.4.1"
  resolved "https://registry.yarnpkg.com/@rspack/binding-win32-ia32-msvc/-/binding-win32-ia32-msvc-1.4.1.tgz#1688c86370d280728f7cec742908233f44cc8b75"
  integrity sha512-13s8fYtyC9DyvKosD2Kvzd6fVZDZZyPp91L4TEXWaO0CFhaCbtLTYIntExq9MwtKHYKKx7bchIFw93o0xjKjUg==

"@rspack/binding-win32-x64-msvc@1.4.1":
  version "1.4.1"
  resolved "https://registry.yarnpkg.com/@rspack/binding-win32-x64-msvc/-/binding-win32-x64-msvc-1.4.1.tgz#9e73ed2ad9d89a697a146c38637d3a81ca5d0b48"
  integrity sha512-ubQW8FcLnwljDanwTzkC9Abyo59gmX8m9uVr1GHOEuEU9Cua0KMijX2j/MYfiziz4nuQgv1saobY7K1I5nE3YA==

"@rspack/binding@1.4.1":
  version "1.4.1"
  resolved "https://registry.yarnpkg.com/@rspack/binding/-/binding-1.4.1.tgz#d740f2f78518aab613188caf8f2272d63833c4f9"
  integrity sha512-zYgOmI+LC2zxB/LIcnaeK66ElFHaPChdWzRruTT1LAFFwpgGkBGAwFoP27PDnxQW0Aejci21Ld8X9tyxm08QFw==
  optionalDependencies:
    "@rspack/binding-darwin-arm64" "1.4.1"
    "@rspack/binding-darwin-x64" "1.4.1"
    "@rspack/binding-linux-arm64-gnu" "1.4.1"
    "@rspack/binding-linux-arm64-musl" "1.4.1"
    "@rspack/binding-linux-x64-gnu" "1.4.1"
    "@rspack/binding-linux-x64-musl" "1.4.1"
    "@rspack/binding-wasm32-wasi" "1.4.1"
    "@rspack/binding-win32-arm64-msvc" "1.4.1"
    "@rspack/binding-win32-ia32-msvc" "1.4.1"
    "@rspack/binding-win32-x64-msvc" "1.4.1"

"@rspack/core@1.4.1":
  version "1.4.1"
  resolved "https://registry.yarnpkg.com/@rspack/core/-/core-1.4.1.tgz#506b6be9ad33cc465d055aa195552ace6739ecbc"
  integrity sha512-UTRCTQk2G8YiPBiMvfn8FcysxeO4Muek6a/Z39Cw2r4ZI8k5iPnKiyZboTJLS7120PwWBw2SO+QQje35Z44x0g==
  dependencies:
    "@module-federation/runtime-tools" "0.15.0"
    "@rspack/binding" "1.4.1"
    "@rspack/lite-tapable" "1.0.1"

"@rspack/lite-tapable@1.0.1", "@rspack/lite-tapable@~1.0.1":
  version "1.0.1"
  resolved "https://registry.yarnpkg.com/@rspack/lite-tapable/-/lite-tapable-1.0.1.tgz#d4540a5d28bd6177164bc0ba0bee4bdec0458591"
  integrity sha512-VynGOEsVw2s8TAlLf/uESfrgfrq2+rcXB1muPJYBWbsm1Oa6r5qVQhjA5ggM6z/coYPrsVMgovl3Ff7Q7OCp1w==

"@swc/helpers@^0.5.17":
  version "0.5.17"
  resolved "https://registry.yarnpkg.com/@swc/helpers/-/helpers-0.5.17.tgz#5a7be95ac0f0bf186e7e6e890e7a6f6cda6ce971"
  integrity sha512-5IKx/Y13RsYd+sauPb2x+U/xZikHjolzfuDgTAl/Tdf3Q8rslRvC19NKDLgAJQ6wsqADk10ntlv08nPFw/gO/A==
  dependencies:
    tslib "^2.8.0"

"@tiptap/core@^3.0.0-beta.19":
  version "3.0.0-beta.19"
  resolved "https://registry.yarnpkg.com/@tiptap/core/-/core-3.0.0-beta.19.tgz#eb1b952b7ed5f802a48355b22885f27b47ae2c85"
  integrity sha512-l2dgVQvw+tBix8EiakVuiXPmwgoZJT2ZcNW2yDa9cu2iYBxGybLNPdGonJG2886AupwqwQL51LYLSTRwGEbTXg==

"@tiptap/extension-blockquote@^3.0.0-beta.19":
  version "3.0.0-beta.19"
  resolved "https://registry.yarnpkg.com/@tiptap/extension-blockquote/-/extension-blockquote-3.0.0-beta.19.tgz#356369aaae2980219349c46581043f252a9f055b"
  integrity sha512-XYm60F7y9HtSgv8l8s/gZmqyMW+GoXzX1GNVJgngRWGunkiK7xuQuchjwYO185fcxl+ex98+OTgArLXWj31ntw==

"@tiptap/extension-bold@^3.0.0-beta.19":
  version "3.0.0-beta.19"
  resolved "https://registry.yarnpkg.com/@tiptap/extension-bold/-/extension-bold-3.0.0-beta.19.tgz#d1cd5e2948b1430725e592ad98a4ba9572c38a87"
  integrity sha512-OFZg+FSs1bFwuOjUnLmsTIio55pDrs1TkGHVw/xsFSdPjBbdgLmBJHnHJvdcOoNAqf7gSC9VT32CB/2JrN2yuQ==

"@tiptap/extension-code-block@^3.0.0-beta.19":
  version "3.0.0-beta.19"
  resolved "https://registry.yarnpkg.com/@tiptap/extension-code-block/-/extension-code-block-3.0.0-beta.19.tgz#9ec66e89dd173a55ac401dfd8c047810dd2bcf28"
  integrity sha512-OrfXWD/LM2YybixGwTwNi9IEkvCbB41EEk1dtO0+aYddlvUUf2WNy+kFB/UX4WEW3aGm8i1L0SYVMNh6IF7Gyw==

"@tiptap/extension-code@^3.0.0-beta.19":
  version "3.0.0-beta.19"
  resolved "https://registry.yarnpkg.com/@tiptap/extension-code/-/extension-code-3.0.0-beta.19.tgz#5bdfffc2b7b24ac6664148bcaa52151b89616f55"
  integrity sha512-OH0fnfxqfsnss1JLDFXMTQriBBXDb0PZ+F10w34Q375rmbwSEYMZqc9K65xyujB7WeWZR3OJnomdrfJuXwA1Qw==

"@tiptap/extension-color@^3.0.0-beta.19":
  version "3.0.0-beta.19"
  resolved "https://registry.yarnpkg.com/@tiptap/extension-color/-/extension-color-3.0.0-beta.19.tgz#bf74394ed7341284f4903c92b9b0703dc00c0421"
  integrity sha512-W3yKyqxu57AVfgRI6a5bhvfFWDBOnO7khfhquLhMxlpBjH9iovYeIZ2L3+/oqITDtQyYtnJc5I070pSf/xyFJA==

"@tiptap/extension-document@^3.0.0-beta.19":
  version "3.0.0-beta.19"
  resolved "https://registry.yarnpkg.com/@tiptap/extension-document/-/extension-document-3.0.0-beta.19.tgz#330804a0e915c19c4932272ba495b836f0790d37"
  integrity sha512-yU6FYSan9zAfaJYBs3Jxxut/ljXTEYg1JOihatxtmxXZMGS1L3oiVd2qKqK3UjHobwbmG4/MhdB9cJDlmPOvxg==

"@tiptap/extension-hard-break@^3.0.0-beta.19":
  version "3.0.0-beta.19"
  resolved "https://registry.yarnpkg.com/@tiptap/extension-hard-break/-/extension-hard-break-3.0.0-beta.19.tgz#139a6f324282d2bcf6fbcd23b5e84fcee1899f46"
  integrity sha512-ZEgTbe1y3Lbm+fkG4hMCecWXbOjn/Tl5X40ACFnjcg+ctqIa0j49DBEpf2A8Rf1zsJ4KxeBWKfZdZuzja/exaw==

"@tiptap/extension-heading@^3.0.0-beta.19":
  version "3.0.0-beta.19"
  resolved "https://registry.yarnpkg.com/@tiptap/extension-heading/-/extension-heading-3.0.0-beta.19.tgz#346e3cc83b110d9e99460f3a37500932efd38c50"
  integrity sha512-GMyTh3FmDeKDxDqZzChj0IB5XpnaXcxQBhhoZVxVsMzNtkQ9A4jyrgT/LRt4uP6s3w+KzIYenyW5p4grSZcvgA==

"@tiptap/extension-highlight@^3.0.0-beta.19":
  version "3.0.0-beta.19"
  resolved "https://registry.yarnpkg.com/@tiptap/extension-highlight/-/extension-highlight-3.0.0-beta.19.tgz#ffada633835c040c4e014d4ca156d6874a19511b"
  integrity sha512-sOeyYvzl4xDqisbBk/z9k2qiBuim7iDKRZCiNARIIdqSAcNOuYuBDv9sZzW6ggmNRp1iHByBSaS5OUK9SY44YQ==

"@tiptap/extension-horizontal-rule@^3.0.0-beta.19":
  version "3.0.0-beta.19"
  resolved "https://registry.yarnpkg.com/@tiptap/extension-horizontal-rule/-/extension-horizontal-rule-3.0.0-beta.19.tgz#1114c371a2b46be3dd00208da2be2fecbc57782c"
  integrity sha512-ZZMgcyId2Y+ZuiSdRO14cRnea0W6r+jBjI91ca8m6ufW+iE4/7bKrFPPJ4BGgDyeBLIAXfzfFy84Vj/6DPiZsw==

"@tiptap/extension-image@^3.0.0-beta.19":
  version "3.0.0-beta.19"
  resolved "https://registry.yarnpkg.com/@tiptap/extension-image/-/extension-image-3.0.0-beta.19.tgz#ccc379c717cf78abd496c6215e7dd4eaaa5d8761"
  integrity sha512-38FMDccrUMRQZQQwSlBbWMWXX6634LKS4C6VWhlyeKgssu2ocvnHA0TmLCjvFaMjdYDlgkKdkjaNmCxx+u8qFw==

"@tiptap/extension-italic@^3.0.0-beta.19":
  version "3.0.0-beta.19"
  resolved "https://registry.yarnpkg.com/@tiptap/extension-italic/-/extension-italic-3.0.0-beta.19.tgz#7d3c64671390b10c4f466f833dbab1e7634ddc05"
  integrity sha512-q41BnKuPJLjvPE7tS2HOhaeCmOF6mrKvCLLIqlIgQZBosUeWzaMXz6E5IP1eoP+5wrzVYSGGYM/8sd9NhucYDQ==

"@tiptap/extension-link@^3.0.0-beta.19":
  version "3.0.0-beta.19"
  resolved "https://registry.yarnpkg.com/@tiptap/extension-link/-/extension-link-3.0.0-beta.19.tgz#0dbc187675491e87e52cbba29c0d831b4818b3b3"
  integrity sha512-gh8qb8XdVIBfnd56Oj+lkiZXFUZlBlwF8YmfM6j0tynZDX4xodJ51SxpgeI7sJbUSubSlnqaxohvHipqph2v/Q==
  dependencies:
    linkifyjs "^4.2.0"

"@tiptap/extension-list@^3.0.0-beta.19":
  version "3.0.0-beta.19"
  resolved "https://registry.yarnpkg.com/@tiptap/extension-list/-/extension-list-3.0.0-beta.19.tgz#c8f8e2dcc8e096258254f8d32e34ccb7d2057a6a"
  integrity sha512-D5aCL9fZLG8ViBD252xEm8Y+dGTfv30uXaJ8AotjR+fUkZLwcPxoy4iKS06IAeMzqX/Ge0dgl89K4oJTYJJ+NA==

"@tiptap/extension-paragraph@^3.0.0-beta.19":
  version "3.0.0-beta.19"
  resolved "https://registry.yarnpkg.com/@tiptap/extension-paragraph/-/extension-paragraph-3.0.0-beta.19.tgz#8bcbe41b43ce6178223505fc6838818b0ee90715"
  integrity sha512-VYDIwHpkHf4EmXojuxFoZvP97Cz0czfMR4CLLbKd4FtQ+Qrgw9gqF0PC1veBCIVakiUzQ868VyLFJMJPfGaN4A==

"@tiptap/extension-strike@^3.0.0-beta.19":
  version "3.0.0-beta.19"
  resolved "https://registry.yarnpkg.com/@tiptap/extension-strike/-/extension-strike-3.0.0-beta.19.tgz#e07edf0e9a0448dd2c9d5279e9aadaa3f937e91a"
  integrity sha512-CrXp0ayzV6cIWj3wA4e435Wwqh/3FCDfMgTqaZmlsm2nfOpm1Y9JOcSUlUFQXep4FxO/eQ1LUrKOeXj/FQgItw==

"@tiptap/extension-subscript@^3.0.0-beta.19":
  version "3.0.0-beta.19"
  resolved "https://registry.yarnpkg.com/@tiptap/extension-subscript/-/extension-subscript-3.0.0-beta.19.tgz#99e6e8399b1531b255b68734a74311ec4f8a10bb"
  integrity sha512-vQ2RlWRv5uwkMvRl0INnOt/DvEu1bWu0Na1bKGZ7RRZ2u0wdrjkF4HClyQ7UlOdW/tkzPBI5z27/iMcrkTPH+Q==

"@tiptap/extension-superscript@^3.0.0-beta.19":
  version "3.0.0-beta.19"
  resolved "https://registry.yarnpkg.com/@tiptap/extension-superscript/-/extension-superscript-3.0.0-beta.19.tgz#fdc9030e80357a20ef20ca276b45d7c2dab5cb9b"
  integrity sha512-fDz6OIuFkAi3/GssK8DKulk1I8S0zGSiKsWaFSTkSHiUV9ZnNJa9S70L9NWmFncbYFBmHCZGVmFY2hkmhBL+Eg==

"@tiptap/extension-table@^3.0.0-beta.19":
  version "3.0.0-beta.19"
  resolved "https://registry.yarnpkg.com/@tiptap/extension-table/-/extension-table-3.0.0-beta.19.tgz#09196882bfd88a2c30ada21297f8892fd46f46f9"
  integrity sha512-+Ee88IrZbd9erVvlPGiYfNvlXKQAGLBkYMzQDCcyTMZAOFwBMxlRN/IgPFR/mBdK+zFv+Y5c77IeCS+v+rf0Qw==

"@tiptap/extension-text-align@^3.0.0-beta.19":
  version "3.0.0-beta.19"
  resolved "https://registry.yarnpkg.com/@tiptap/extension-text-align/-/extension-text-align-3.0.0-beta.19.tgz#f3fca1683495ce11a747706e7986168fa6532dd5"
  integrity sha512-emC3IjmxnVN0MpHn5NB8eXVFN0fG1FrfNny6qWma/BizDjGhh71H4wiNyiukpYbl1+/G4vzQft4ncN/8++gppg==

"@tiptap/extension-text-style@^3.0.0-beta.19":
  version "3.0.0-beta.19"
  resolved "https://registry.yarnpkg.com/@tiptap/extension-text-style/-/extension-text-style-3.0.0-beta.19.tgz#36a46b156e8c6f6a8715fb00a9ea9e9393833add"
  integrity sha512-AL3lOhNqVY62w+yafppNrUxYSVqkuyAHMTkRNU8ubb3+H06Fw45acQx7Cz1ZO6odoYkKR7Vk4xEJyzIxgVgzKw==

"@tiptap/extension-text@^3.0.0-beta.19":
  version "3.0.0-beta.19"
  resolved "https://registry.yarnpkg.com/@tiptap/extension-text/-/extension-text-3.0.0-beta.19.tgz#7b86aa8a80d2ee2b2a2faa83293e3e959459b07a"
  integrity sha512-Z8ZDwqRlHtR6+JR22y06Q8EGeYmLl62yF5ieOwxuZgXy0Rzk4y5hphWDnYLHQ6tIM7/B2snhqM6iRuRQbROCKw==

"@tiptap/extension-underline@^3.0.0-beta.19":
  version "3.0.0-beta.19"
  resolved "https://registry.yarnpkg.com/@tiptap/extension-underline/-/extension-underline-3.0.0-beta.19.tgz#0541f08f83e359491d43d325c8981552351b408d"
  integrity sha512-htIK6WNqrY56DslorNeSNBXdiIgYVJWbxrcCNoV9wMLp6vf+in+j9nIiAlF6ngMstYlQqnoekY1+2v0d1Xl2IQ==

"@tiptap/extensions@^3.0.0-beta.19":
  version "3.0.0-beta.19"
  resolved "https://registry.yarnpkg.com/@tiptap/extensions/-/extensions-3.0.0-beta.19.tgz#c2827395fcf91bdca8ec826cdc3b830916c2f076"
  integrity sha512-o1iHUvbBXAufzaZZ3Qx8DtvHaiGE9SiMwQQHP+HFDvCpo+Aww9qBPbLr5+sxOBW8a/n22bEcp1ZcAWoOFWGe8g==

"@tiptap/pm@^3.0.0-beta.19":
  version "3.0.0-beta.19"
  resolved "https://registry.yarnpkg.com/@tiptap/pm/-/pm-3.0.0-beta.19.tgz#abb30ffdea4139209b342727fa98715db2b8c895"
  integrity sha512-WRKj3jmdcdmtt/cMMCfhcZpWdqHcrCMlcgIfNLDgoBSUmNZ4wA/5MhIrAeG9jFZYOaf/puoTqVv+n964U2VovA==
  dependencies:
    prosemirror-changeset "^2.3.0"
    prosemirror-collab "^1.3.1"
    prosemirror-commands "^1.6.2"
    prosemirror-dropcursor "^1.8.1"
    prosemirror-gapcursor "^1.3.2"
    prosemirror-history "^1.4.1"
    prosemirror-inputrules "^1.4.0"
    prosemirror-keymap "^1.2.2"
    prosemirror-markdown "^1.13.1"
    prosemirror-menu "^1.2.4"
    prosemirror-model "^1.24.1"
    prosemirror-schema-basic "^1.2.3"
    prosemirror-schema-list "^1.5.0"
    prosemirror-state "^1.4.3"
    prosemirror-tables "^1.6.4"
    prosemirror-trailing-node "^3.0.0"
    prosemirror-transform "^1.10.2"
    prosemirror-view "^1.38.1"

"@tybys/wasm-util@^0.9.0":
  version "0.9.0"
  resolved "https://registry.yarnpkg.com/@tybys/wasm-util/-/wasm-util-0.9.0.tgz#3e75eb00604c8d6db470bf18c37b7d984a0e3355"
  integrity sha512-6+7nlbMVX/PVDCwaIQ8nTOPveOcFLSt8GcXdx8hD0bt39uWxYT88uXzqTd4fTvqta7oeUJqudepapKNt2DYJFw==
  dependencies:
    tslib "^2.4.0"

"@types/linkify-it@^5":
  version "5.0.0"
  resolved "https://registry.yarnpkg.com/@types/linkify-it/-/linkify-it-5.0.0.tgz#21413001973106cda1c3a9b91eedd4ccd5469d76"
  integrity sha512-sVDA58zAw4eWAffKOaQH5/5j3XeayukzDk+ewSsnv3p4yJEZHCCzMDiZM8e0OUrRvmpGZ85jf4yDHkHsgBNr9Q==

"@types/markdown-it@^14.0.0":
  version "14.1.2"
  resolved "https://registry.yarnpkg.com/@types/markdown-it/-/markdown-it-14.1.2.tgz#57f2532a0800067d9b934f3521429a2e8bfb4c61"
  integrity sha512-promo4eFwuiW+TfGxhi+0x3czqTYJkG8qB17ZUJiVF10Xm7NLVRSLUsfRTU/6h1e24VvRnXCx+hG7li58lkzog==
  dependencies:
    "@types/linkify-it" "^5"
    "@types/mdurl" "^2"

"@types/mdurl@^2":
  version "2.0.0"
  resolved "https://registry.yarnpkg.com/@types/mdurl/-/mdurl-2.0.0.tgz#d43878b5b20222682163ae6f897b20447233bdfd"
  integrity sha512-RGdgjQUZba5p6QEFAVx2OGb8rQDL/cPRG7GiedRzMcJ1tYnUANBncjbSB1NRGwbvjcPeikRABz2nshyPk1bhWg==

argparse@^2.0.1:
  version "2.0.1"
  resolved "https://registry.yarnpkg.com/argparse/-/argparse-2.0.1.tgz#246f50f3ca78a3240f6c997e8a9bd1eac49e4b38"
  integrity sha512-8+9WqebbFzpX9OR+Wa6O29asIogeRMzcGtAINdpMHHyAg10f05aSFVBbcEqGf/PXw1EjAZ+q2/bEBg3DvurK3Q==

autoprefixer@^10.4.21:
  version "10.4.21"
  resolved "https://registry.yarnpkg.com/autoprefixer/-/autoprefixer-10.4.21.tgz#77189468e7a8ad1d9a37fbc08efc9f480cf0a95d"
  integrity sha512-O+A6LWV5LDHSJD3LjHYoNi4VLsj/Whi7k6zG12xTYaU4cQ8oxQGckXNX8cRHK5yOZ/ppVHe0ZBXGzSV9jXdVbQ==
  dependencies:
    browserslist "^4.24.4"
    caniuse-lite "^1.0.30001702"
    fraction.js "^4.3.7"
    normalize-range "^0.1.2"
    picocolors "^1.1.1"
    postcss-value-parser "^4.2.0"

browserslist@^4.24.4:
  version "4.25.0"
  resolved "https://registry.yarnpkg.com/browserslist/-/browserslist-4.25.0.tgz#986aa9c6d87916885da2b50d8eb577ac8d133b2c"
  integrity sha512-PJ8gYKeS5e/whHBh8xrwYK+dAvEj7JXtz6uTucnMRB8OiGTsKccFekoRrjajPBHV8oOY+2tI4uxeceSimKwMFA==
  dependencies:
    caniuse-lite "^1.0.30001718"
    electron-to-chromium "^1.5.160"
    node-releases "^2.0.19"
    update-browserslist-db "^1.1.3"

caniuse-lite@^1.0.30001702, caniuse-lite@^1.0.30001718:
  version "1.0.30001723"
  resolved "https://registry.yarnpkg.com/caniuse-lite/-/caniuse-lite-1.0.30001723.tgz#c4f3174f02089720736e1887eab345e09bb10944"
  integrity sha512-1R/elMjtehrFejxwmexeXAtae5UO9iSyFn6G/I806CYC/BLyyBk1EPhrKBkWhy6wM6Xnm47dSJQec+tLJ39WHw==

core-js@~3.43.0:
  version "3.43.0"
  resolved "https://registry.yarnpkg.com/core-js/-/core-js-3.43.0.tgz#f7258b156523208167df35dea0cfd6b6ecd4ee88"
  integrity sha512-N6wEbTTZSYOY2rYAn85CuvWWkCK6QweMn7/4Nr3w+gDBeBhk/x4EJeY6FPo4QzDoJZxVTv8U7CMvgWk6pOHHqA==

crelt@^1.0.0:
  version "1.0.6"
  resolved "https://registry.yarnpkg.com/crelt/-/crelt-1.0.6.tgz#7cc898ea74e190fb6ef9dae57f8f81cf7302df72"
  integrity sha512-VQ2MBenTq1fWZUH9DJNGti7kKv6EeAuYr3cLwxUWhIu1baTaXh4Ib5W2CqHVqib4/MqbYGJqiL3Zb8GJZr3l4g==

electron-to-chromium@^1.5.160:
  version "1.5.169"
  resolved "https://registry.yarnpkg.com/electron-to-chromium/-/electron-to-chromium-1.5.169.tgz#6afdfd8e701b7ab744e2bb0cfdec3cefc1072cbe"
  integrity sha512-q7SQx6mkLy0GTJK9K9OiWeaBMV4XQtBSdf6MJUzDB/H/5tFXfIiX38Lci1Kl6SsgiEhz1SQI1ejEOU5asWEhwQ==

entities@^4.4.0:
  version "4.5.0"
  resolved "https://registry.yarnpkg.com/entities/-/entities-4.5.0.tgz#5d268ea5e7113ec74c4d033b79ea5a35a488fb48"
  integrity sha512-V0hjH4dGPh9Ao5p0MoRY6BVqtwCjhz6vI5LT8AJ55H+4g9/4vbHx1I54fS0XuclLhDHArPQCiMjDxjaL8fPxhw==

escalade@^3.2.0:
  version "3.2.0"
  resolved "https://registry.yarnpkg.com/escalade/-/escalade-3.2.0.tgz#011a3f69856ba189dffa7dc8fcce99d2a87903e5"
  integrity sha512-WUj2qlxaQtO4g6Pq5c29GTcWGDyd8itL8zTlipgECz3JesAiiOKotd8JU6otB3PACgG6xkJUyVhboMS+bje/jA==

escape-string-regexp@^4.0.0:
  version "4.0.0"
  resolved "https://registry.yarnpkg.com/escape-string-regexp/-/escape-string-regexp-4.0.0.tgz#14ba83a5d373e3d311e5afca29cf5bfad965bf34"
  integrity sha512-TtpcNJ3XAzx3Gq8sWRzJaVajRs0uVxA2YAkdb1jm2YkPz4G6egUFAyA3n5vtEIZefPk5Wa4UXbKuS5fKkJWdgA==

fdir@^6.4.4:
  version "6.4.6"
  resolved "https://registry.yarnpkg.com/fdir/-/fdir-6.4.6.tgz#2b268c0232697063111bbf3f64810a2a741ba281"
  integrity sha512-hiFoqpyZcfNm1yc4u8oWCf9A2c4D3QjCrks3zmoVKVxpQRzmPNar1hUJcBG2RQHvEVGDN+Jm81ZheVLAQMK6+w==

fraction.js@^4.3.7:
  version "4.3.7"
  resolved "https://registry.yarnpkg.com/fraction.js/-/fraction.js-4.3.7.tgz#06ca0085157e42fda7f9e726e79fefc4068840f7"
  integrity sha512-ZsDfxO51wGAXREY55a7la9LScWpwv9RxIrYABrlvOFBlH/ShPnrtsXeuUIfXKKOVicNxQ+o8JTbJvjS4M89yew==

jiti@^2.4.2:
  version "2.4.2"
  resolved "https://registry.yarnpkg.com/jiti/-/jiti-2.4.2.tgz#d19b7732ebb6116b06e2038da74a55366faef560"
  integrity sha512-rg9zJN+G4n2nfJl5MW3BMygZX56zKPNVEYYqq7adpmMh4Jn2QNEwhvQlFy6jPVdcod7txZtKHWnyZiA3a0zP7A==

json5@^2.2.2:
  version "2.2.3"
  resolved "https://registry.yarnpkg.com/json5/-/json5-2.2.3.tgz#78cd6f1a19bdc12b73db5ad0c61efd66c1e29283"
  integrity sha512-XmOWe7eyHYH14cLdVPoyg+GOH3rYX++KpzrylJwSW98t3Nk+U8XOl8FWKOgwtzdb8lXGf6zYwDUzeHMWfxasyg==

linkify-it@^5.0.0:
  version "5.0.0"
  resolved "https://registry.yarnpkg.com/linkify-it/-/linkify-it-5.0.0.tgz#9ef238bfa6dc70bd8e7f9572b52d369af569b421"
  integrity sha512-5aHCbzQRADcdP+ATqnDuhhJ/MRIqDkZX5pyjFHRRysS8vZ5AbqGEoFIb6pYHPZ+L/OC2Lc+xT8uHVVR5CAK/wQ==
  dependencies:
    uc.micro "^2.0.0"

linkifyjs@^4.2.0:
  version "4.3.1"
  resolved "https://registry.yarnpkg.com/linkifyjs/-/linkifyjs-4.3.1.tgz#1f246ebf4be040002accd1f4535b6af7c7e37898"
  integrity sha512-DRSlB9DKVW04c4SUdGvKK5FR6be45lTU9M76JnngqPeeGDqPwYc0zdUErtsNVMtxPXgUWV4HbXbnC4sNyBxkYg==

magic-string@^0.30.17:
  version "0.30.17"
  resolved "https://registry.yarnpkg.com/magic-string/-/magic-string-0.30.17.tgz#450a449673d2460e5bbcfba9a61916a1714c7453"
  integrity sha512-sNPKHvyjVf7gyjwS4xGTaW/mCnF8wnjtifKBEhxfZ7E/S8tQ0rssrwGNn6q8JH/ohItJfSQp9mBtQYuTlH5QnA==
  dependencies:
    "@jridgewell/sourcemap-codec" "^1.5.0"

markdown-it@^14.0.0:
  version "14.1.0"
  resolved "https://registry.yarnpkg.com/markdown-it/-/markdown-it-14.1.0.tgz#3c3c5992883c633db4714ccb4d7b5935d98b7d45"
  integrity sha512-a54IwgWPaeBCAAsv13YgmALOF1elABB08FxO9i+r4VFk5Vl4pKokRPeX8u5TCgSsPi6ec1otfLjdOpVcgbpshg==
  dependencies:
    argparse "^2.0.1"
    entities "^4.4.0"
    linkify-it "^5.0.0"
    mdurl "^2.0.0"
    punycode.js "^2.3.1"
    uc.micro "^2.1.0"

mdurl@^2.0.0:
  version "2.0.0"
  resolved "https://registry.yarnpkg.com/mdurl/-/mdurl-2.0.0.tgz#80676ec0433025dd3e17ee983d0fe8de5a2237e0"
  integrity sha512-Lf+9+2r+Tdp5wXDXC4PcIBjTDtq4UKjCPMQhKIuzpJNW0b96kVqSwW0bT7FhRSfmAiFYgP+SCRvdrDozfh0U5w==

minimist@^1.2.6:
  version "1.2.8"
  resolved "https://registry.yarnpkg.com/minimist/-/minimist-1.2.8.tgz#c1a464e7693302e082a075cee0c057741ac4772c"
  integrity sha512-2yyAR8qBkN3YuheJanUpWC5U3bb5osDywNB8RzDVlDwDHbocAJveqqj1u8+SVD7jkWT4yvsHCpWqqWqAxb0zCA==

nanoid@^3.3.11:
  version "3.3.11"
  resolved "https://registry.yarnpkg.com/nanoid/-/nanoid-3.3.11.tgz#4f4f112cefbe303202f2199838128936266d185b"
  integrity sha512-N8SpfPUnUp1bK+PMYW8qSWdl9U+wwNWI4QKxOYDy9JAro3WMX7p2OeVRF9v+347pnakNevPmiHhNmZ2HbFA76w==

node-releases@^2.0.19:
  version "2.0.19"
  resolved "https://registry.yarnpkg.com/node-releases/-/node-releases-2.0.19.tgz#9e445a52950951ec4d177d843af370b411caf314"
  integrity sha512-xxOWJsBKtzAq7DY0J+DTzuz58K8e7sJbdgwkbMWQe8UYB6ekmsQ45q0M/tJDsGaZmbC+l7n57UV8Hl5tHxO9uw==

normalize-range@^0.1.2:
  version "0.1.2"
  resolved "https://registry.yarnpkg.com/normalize-range/-/normalize-range-0.1.2.tgz#2d10c06bdfd312ea9777695a4d28439456b75942"
  integrity sha512-bdok/XvKII3nUpklnV6P2hxtMNrCboOjAcyBuQnWEhO665FwrSNRxU+AqpsyvO6LgGYPspN+lu5CLtw4jPRKNA==

orderedmap@^2.0.0:
  version "2.1.1"
  resolved "https://registry.yarnpkg.com/orderedmap/-/orderedmap-2.1.1.tgz#61481269c44031c449915497bf5a4ad273c512d2"
  integrity sha512-TvAWxi0nDe1j/rtMcWcIj94+Ffe6n7zhow33h40SKxmsmozs6dz/e+EajymfoFcHd7sxNn8yHM8839uixMOV6g==

picocolors@1.1.1, picocolors@^1.1.1:
  version "1.1.1"
  resolved "https://registry.yarnpkg.com/picocolors/-/picocolors-1.1.1.tgz#3d321af3eab939b083c8f929a1d12cda81c26b6b"
  integrity sha512-xceH2snhtb5M9liqDsmEw56le376mTZkEX/jEb/RxNFyegNul7eNslCXP9FDj/Lcu0X8KEyMceP2ntpaHrDEVA==

picomatch@^4.0.2:
  version "4.0.2"
  resolved "https://registry.yarnpkg.com/picomatch/-/picomatch-4.0.2.tgz#77c742931e8f3b8820946c76cd0c1f13730d1dab"
  integrity sha512-M7BAV6Rlcy5u+m6oPhAPFgJTzAioX/6B0DxyvDlo9l8+T3nLKbrczg2WLUyzd45L8RqfUMyGPzekbMvX2Ldkwg==

postcss-value-parser@^4.2.0:
  version "4.2.0"
  resolved "https://registry.yarnpkg.com/postcss-value-parser/-/postcss-value-parser-4.2.0.tgz#723c09920836ba6d3e5af019f92bc0971c02e514"
  integrity sha512-1NNCs6uurfkVbeXG4S8JFT9t19m45ICnif8zWLd5oPSZ50QnwMfK+H3jv408d4jw/7Bttv5axS5IiHoLaVNHeQ==

postcss@^8.5.3:
  version "8.5.6"
  resolved "https://registry.yarnpkg.com/postcss/-/postcss-8.5.6.tgz#2825006615a619b4f62a9e7426cc120b349a8f3c"
  integrity sha512-3Ybi1tAuwAP9s0r1UQ2J4n5Y0G05bJkpUIO0/bI9MhwmD70S5aTWbXGBwxHrelT+XM1k6dM0pk+SwNkpTRN7Pg==
  dependencies:
    nanoid "^3.3.11"
    picocolors "^1.1.1"
    source-map-js "^1.2.1"

prosemirror-changeset@^2.3.0:
  version "2.3.1"
  resolved "https://registry.yarnpkg.com/prosemirror-changeset/-/prosemirror-changeset-2.3.1.tgz#eee3299cfabc7a027694e9abdc4e85505e9dd5e7"
  integrity sha512-j0kORIBm8ayJNl3zQvD1TTPHJX3g042et6y/KQhZhnPrruO8exkTgG8X+NRpj7kIyMMEx74Xb3DyMIBtO0IKkQ==
  dependencies:
    prosemirror-transform "^1.0.0"

prosemirror-collab@^1.3.1:
  version "1.3.1"
  resolved "https://registry.yarnpkg.com/prosemirror-collab/-/prosemirror-collab-1.3.1.tgz#0e8c91e76e009b53457eb3b3051fb68dad029a33"
  integrity sha512-4SnynYR9TTYaQVXd/ieUvsVV4PDMBzrq2xPUWutHivDuOshZXqQ5rGbZM84HEaXKbLdItse7weMGOUdDVcLKEQ==
  dependencies:
    prosemirror-state "^1.0.0"

prosemirror-commands@^1.0.0, prosemirror-commands@^1.6.2:
  version "1.7.1"
  resolved "https://registry.yarnpkg.com/prosemirror-commands/-/prosemirror-commands-1.7.1.tgz#d101fef85618b1be53d5b99ea17bee5600781b38"
  integrity sha512-rT7qZnQtx5c0/y/KlYaGvtG411S97UaL6gdp6RIZ23DLHanMYLyfGBV5DtSnZdthQql7W+lEVbpSfwtO8T+L2w==
  dependencies:
    prosemirror-model "^1.0.0"
    prosemirror-state "^1.0.0"
    prosemirror-transform "^1.10.2"

prosemirror-dropcursor@^1.8.1:
  version "1.8.1"
  resolved "https://registry.yarnpkg.com/prosemirror-dropcursor/-/prosemirror-dropcursor-1.8.1.tgz#49b9fb2f583e0d0f4021ff87db825faa2be2832d"
  integrity sha512-M30WJdJZLyXHi3N8vxN6Zh5O8ZBbQCz0gURTfPmTIBNQ5pxrdU7A58QkNqfa98YEjSAL1HUyyU34f6Pm5xBSGw==
  dependencies:
    prosemirror-state "^1.0.0"
    prosemirror-transform "^1.1.0"
    prosemirror-view "^1.1.0"

prosemirror-gapcursor@^1.3.2:
  version "1.3.2"
  resolved "https://registry.yarnpkg.com/prosemirror-gapcursor/-/prosemirror-gapcursor-1.3.2.tgz#5fa336b83789c6199a7341c9493587e249215cb4"
  integrity sha512-wtjswVBd2vaQRrnYZaBCbyDqr232Ed4p2QPtRIUK5FuqHYKGWkEwl08oQM4Tw7DOR0FsasARV5uJFvMZWxdNxQ==
  dependencies:
    prosemirror-keymap "^1.0.0"
    prosemirror-model "^1.0.0"
    prosemirror-state "^1.0.0"
    prosemirror-view "^1.0.0"

prosemirror-history@^1.0.0, prosemirror-history@^1.4.1:
  version "1.4.1"
  resolved "https://registry.yarnpkg.com/prosemirror-history/-/prosemirror-history-1.4.1.tgz#cc370a46fb629e83a33946a0e12612e934ab8b98"
  integrity sha512-2JZD8z2JviJrboD9cPuX/Sv/1ChFng+xh2tChQ2X4bB2HeK+rra/bmJ3xGntCcjhOqIzSDG6Id7e8RJ9QPXLEQ==
  dependencies:
    prosemirror-state "^1.2.2"
    prosemirror-transform "^1.0.0"
    prosemirror-view "^1.31.0"
    rope-sequence "^1.3.0"

prosemirror-inputrules@^1.4.0:
  version "1.5.0"
  resolved "https://registry.yarnpkg.com/prosemirror-inputrules/-/prosemirror-inputrules-1.5.0.tgz#e22bfaf1d6ea4fe240ad447c184af3d520d43c37"
  integrity sha512-K0xJRCmt+uSw7xesnHmcn72yBGTbY45vm8gXI4LZXbx2Z0jwh5aF9xrGQgrVPu0WbyFVFF3E/o9VhJYz6SQWnA==
  dependencies:
    prosemirror-state "^1.0.0"
    prosemirror-transform "^1.0.0"

prosemirror-keymap@^1.0.0, prosemirror-keymap@^1.2.2:
  version "1.2.2"
  resolved "https://registry.yarnpkg.com/prosemirror-keymap/-/prosemirror-keymap-1.2.2.tgz#14a54763a29c7b2704f561088ccf3384d14eb77e"
  integrity sha512-EAlXoksqC6Vbocqc0GtzCruZEzYgrn+iiGnNjsJsH4mrnIGex4qbLdWWNza3AW5W36ZRrlBID0eM6bdKH4OStQ==
  dependencies:
    prosemirror-state "^1.0.0"
    w3c-keyname "^2.2.0"

prosemirror-markdown@^1.13.1:
  version "1.13.2"
  resolved "https://registry.yarnpkg.com/prosemirror-markdown/-/prosemirror-markdown-1.13.2.tgz#863eb3fd5f57a444e4378174622b562735b1c503"
  integrity sha512-FPD9rHPdA9fqzNmIIDhhnYQ6WgNoSWX9StUZ8LEKapaXU9i6XgykaHKhp6XMyXlOWetmaFgGDS/nu/w9/vUc5g==
  dependencies:
    "@types/markdown-it" "^14.0.0"
    markdown-it "^14.0.0"
    prosemirror-model "^1.25.0"

prosemirror-menu@^1.2.4:
  version "1.2.4"
  resolved "https://registry.yarnpkg.com/prosemirror-menu/-/prosemirror-menu-1.2.4.tgz#3cfdc7c06d10f9fbd1bce29082c498bd11a0a79a"
  integrity sha512-S/bXlc0ODQup6aiBbWVsX/eM+xJgCTAfMq/nLqaO5ID/am4wS0tTCIkzwytmao7ypEtjj39i7YbJjAgO20mIqA==
  dependencies:
    crelt "^1.0.0"
    prosemirror-commands "^1.0.0"
    prosemirror-history "^1.0.0"
    prosemirror-state "^1.0.0"

prosemirror-model@^1.0.0, prosemirror-model@^1.20.0, prosemirror-model@^1.21.0, prosemirror-model@^1.24.1, prosemirror-model@^1.25.0:
  version "1.25.1"
  resolved "https://registry.yarnpkg.com/prosemirror-model/-/prosemirror-model-1.25.1.tgz#aeae9f1ec79fcaa76f6fc619800d91fbcf726870"
  integrity sha512-AUvbm7qqmpZa5d9fPKMvH1Q5bqYQvAZWOGRvxsB6iFLyycvC9MwNemNVjHVrWgjaoxAfY8XVg7DbvQ/qxvI9Eg==
  dependencies:
    orderedmap "^2.0.0"

prosemirror-schema-basic@^1.2.3:
  version "1.2.4"
  resolved "https://registry.yarnpkg.com/prosemirror-schema-basic/-/prosemirror-schema-basic-1.2.4.tgz#389ce1ec09b8a30ea9bbb92c58569cb690c2d695"
  integrity sha512-ELxP4TlX3yr2v5rM7Sb70SqStq5NvI15c0j9j/gjsrO5vaw+fnnpovCLEGIcpeGfifkuqJwl4fon6b+KdrODYQ==
  dependencies:
    prosemirror-model "^1.25.0"

prosemirror-schema-list@^1.5.0:
  version "1.5.1"
  resolved "https://registry.yarnpkg.com/prosemirror-schema-list/-/prosemirror-schema-list-1.5.1.tgz#5869c8f749e8745c394548bb11820b0feb1e32f5"
  integrity sha512-927lFx/uwyQaGwJxLWCZRkjXG0p48KpMj6ueoYiu4JX05GGuGcgzAy62dfiV8eFZftgyBUvLx76RsMe20fJl+Q==
  dependencies:
    prosemirror-model "^1.0.0"
    prosemirror-state "^1.0.0"
    prosemirror-transform "^1.7.3"

prosemirror-state@^1.0.0, prosemirror-state@^1.2.2, prosemirror-state@^1.4.3:
  version "1.4.3"
  resolved "https://registry.yarnpkg.com/prosemirror-state/-/prosemirror-state-1.4.3.tgz#94aecf3ffd54ec37e87aa7179d13508da181a080"
  integrity sha512-goFKORVbvPuAQaXhpbemJFRKJ2aixr+AZMGiquiqKxaucC6hlpHNZHWgz5R7dS4roHiwq9vDctE//CZ++o0W1Q==
  dependencies:
    prosemirror-model "^1.0.0"
    prosemirror-transform "^1.0.0"
    prosemirror-view "^1.27.0"

prosemirror-tables@^1.6.4:
  version "1.7.1"
  resolved "https://registry.yarnpkg.com/prosemirror-tables/-/prosemirror-tables-1.7.1.tgz#df2507f285c6c7563097b4904cb7c4b9e0cd724b"
  integrity sha512-eRQ97Bf+i9Eby99QbyAiyov43iOKgWa7QCGly+lrDt7efZ1v8NWolhXiB43hSDGIXT1UXgbs4KJN3a06FGpr1Q==
  dependencies:
    prosemirror-keymap "^1.2.2"
    prosemirror-model "^1.25.0"
    prosemirror-state "^1.4.3"
    prosemirror-transform "^1.10.3"
    prosemirror-view "^1.39.1"

prosemirror-trailing-node@^3.0.0:
  version "3.0.0"
  resolved "https://registry.yarnpkg.com/prosemirror-trailing-node/-/prosemirror-trailing-node-3.0.0.tgz#5bc223d4fc1e8d9145e4079ec77a932b54e19e04"
  integrity sha512-xiun5/3q0w5eRnGYfNlW1uU9W6x5MoFKWwq/0TIRgt09lv7Hcser2QYV8t4muXbEr+Fwo0geYn79Xs4GKywrRQ==
  dependencies:
    "@remirror/core-constants" "3.0.0"
    escape-string-regexp "^4.0.0"

prosemirror-transform@^1.0.0, prosemirror-transform@^1.1.0, prosemirror-transform@^1.10.2, prosemirror-transform@^1.10.3, prosemirror-transform@^1.7.3:
  version "1.10.3"
  resolved "https://registry.yarnpkg.com/prosemirror-transform/-/prosemirror-transform-1.10.3.tgz#fae660bd7ffef3159aff44bc21e9e044aa31b67d"
  integrity sha512-Nhh/+1kZGRINbEHmVu39oynhcap4hWTs/BlU7NnxWj3+l0qi8I1mu67v6mMdEe/ltD8hHvU4FV6PHiCw2VSpMw==
  dependencies:
    prosemirror-model "^1.21.0"

prosemirror-view@^1.0.0, prosemirror-view@^1.1.0, prosemirror-view@^1.27.0, prosemirror-view@^1.31.0, prosemirror-view@^1.38.1, prosemirror-view@^1.39.1:
  version "1.40.0"
  resolved "https://registry.yarnpkg.com/prosemirror-view/-/prosemirror-view-1.40.0.tgz#212e627a0c4f0198ac9823a1232e0099c9a92865"
  integrity sha512-2G3svX0Cr1sJjkD/DYWSe3cfV5VPVTBOxI9XQEGWJDFEpsZb/gh4MV29ctv+OJx2RFX4BLt09i+6zaGM/ldkCw==
  dependencies:
    prosemirror-model "^1.20.0"
    prosemirror-state "^1.0.0"
    prosemirror-transform "^1.1.0"

punycode.js@^2.3.1:
  version "2.3.1"
  resolved "https://registry.yarnpkg.com/punycode.js/-/punycode.js-2.3.1.tgz#6b53e56ad75588234e79f4affa90972c7dd8cdb7"
  integrity sha512-uxFIHU0YlHYhDQtV4R9J6a52SLx28BCjT+4ieh7IGbgwVJWO+km431c4yRlREUAsAmt/uMjQUyQHNEPf0M39CA==

rope-sequence@^1.3.0:
  version "1.3.4"
  resolved "https://registry.yarnpkg.com/rope-sequence/-/rope-sequence-1.3.4.tgz#df85711aaecd32f1e756f76e43a415171235d425"
  integrity sha512-UT5EDe2cu2E/6O4igUr5PSFs23nvvukicWHx6GnOPlHAiiYbzNuCRQCuiUdHJQcqKalLKlrYJnjY0ySGsXNQXQ==

rsbuild-plugin-dts@0.10.4:
  version "0.10.4"
  resolved "https://registry.yarnpkg.com/rsbuild-plugin-dts/-/rsbuild-plugin-dts-0.10.4.tgz#0547f7d428ab1cb99d147126c69e3164e01a8c88"
  integrity sha512-/Zl9hgo1L2cpeKnMvAi0ws57Heo6X9wE07dUwdgb5NMEQSXQaHRv1eeRDKpzNYedaWl+yAIvL2IYK4GcCR0y4w==
  dependencies:
    "@ast-grep/napi" "0.37.0"
    magic-string "^0.30.17"
    picocolors "1.1.1"
    tinyglobby "^0.2.14"
    tsconfig-paths "^4.2.0"

source-map-js@^1.2.1:
  version "1.2.1"
  resolved "https://registry.yarnpkg.com/source-map-js/-/source-map-js-1.2.1.tgz#1ce5650fddd87abc099eda37dcff024c2667ae46"
  integrity sha512-UXWMKhLOwVKb728IUtQPXxfYU+usdybtUrK/8uGE8CQMvrhOpwvzDBwj0QhSL7MQc7vIsISBG8VQ8+IDQxpfQA==

strip-bom@^3.0.0:
  version "3.0.0"
  resolved "https://registry.yarnpkg.com/strip-bom/-/strip-bom-3.0.0.tgz#2334c18e9c759f7bdd56fdef7e9ae3d588e68ed3"
  integrity sha512-vavAMRXOgBVNF6nyEEmL3DBK19iRpDcoIwW+swQ+CbGiu7lju6t+JklA1MHweoWtadgt4ISVUsXLyDq34ddcwA==

tinyglobby@^0.2.14:
  version "0.2.14"
  resolved "https://registry.yarnpkg.com/tinyglobby/-/tinyglobby-0.2.14.tgz#5280b0cf3f972b050e74ae88406c0a6a58f4079d"
  integrity sha512-tX5e7OM1HnYr2+a2C/4V0htOcSQcoSTH9KgJnVvNm5zm/cyEWKJ7j7YutsH9CxMdtOkkLFy2AHrMci9IM8IPZQ==
  dependencies:
    fdir "^6.4.4"
    picomatch "^4.0.2"

tsconfig-paths@^4.2.0:
  version "4.2.0"
  resolved "https://registry.yarnpkg.com/tsconfig-paths/-/tsconfig-paths-4.2.0.tgz#ef78e19039133446d244beac0fd6a1632e2d107c"
  integrity sha512-NoZ4roiN7LnbKn9QqE1amc9DJfzvZXxF4xDavcOWt1BPkdx+m+0gJuPM+S0vCe7zTJMYUP0R8pO2XMr+Y8oLIg==
  dependencies:
    json5 "^2.2.2"
    minimist "^1.2.6"
    strip-bom "^3.0.0"

tslib@^2.4.0, tslib@^2.8.0:
  version "2.8.1"
  resolved "https://registry.yarnpkg.com/tslib/-/tslib-2.8.1.tgz#612efe4ed235d567e8aba5f2a5fab70280ade83f"
  integrity sha512-oJFu94HQb+KVduSUQL7wnpmqnfmLsOA/nAh6b6EH0wCEoK0/mPeXU6c3wKDV83MkOuHPRHtSXKKU99IBazS/2w==

uc.micro@^2.0.0, uc.micro@^2.1.0:
  version "2.1.0"
  resolved "https://registry.yarnpkg.com/uc.micro/-/uc.micro-2.1.0.tgz#f8d3f7d0ec4c3dea35a7e3c8efa4cb8b45c9e7ee"
  integrity sha512-ARDJmphmdvUk6Glw7y9DQ2bFkKBHwQHLi2lsaH6PPmz/Ka9sFOBsBluozhDltWmnv9u/cF6Rt87znRTPV+yp/A==

update-browserslist-db@^1.1.3:
  version "1.1.3"
  resolved "https://registry.yarnpkg.com/update-browserslist-db/-/update-browserslist-db-1.1.3.tgz#348377dd245216f9e7060ff50b15a1b740b75420"
  integrity sha512-UxhIZQ+QInVdunkDAaiazvvT/+fXL5Osr0JZlJulepYu6Jd7qJtDZjlur0emRlT71EN3ScPoE7gvsuIKKNavKw==
  dependencies:
    escalade "^3.2.0"
    picocolors "^1.1.1"

w3c-keyname@^2.2.0:
  version "2.2.8"
  resolved "https://registry.yarnpkg.com/w3c-keyname/-/w3c-keyname-2.2.8.tgz#7b17c8c6883d4e8b86ac8aba79d39e880f8869c5"
  integrity sha512-dpojBhNsCNN7T82Tm7k26A6G9ML3NkhDsnw9n/eoxSRlVBB4CEtIQ/KTCLI2Fwf3ataSXRhYFkQi3SlnFwPvPQ==
